// !$*UTF8*$!
{
	archiveVersion = 1;
	classes = {
	};
	objectVersion = 46;
	objects = {

/* Begin PBXAggregateTarget section */
		F126A9B318C9D867006E5329 /* DynamicApp-Universal */ = {
			isa = PBXAggregateTarget;
			buildConfigurationList = F126A9B418C9D868006E5329 /* Build configuration list for PBXAggregateTarget "DynamicApp-Universal" */;
			buildPhases = (
				F126A9B718C9D884006E5329 /* ShellScript */,
			);
			dependencies = (
			);
			name = "DynamicApp-Universal";
			productName = "DynamicApp-Universal";
		};
/* End PBXAggregateTarget section */

/* Begin PBXBuildFile section */
		F126A86B18C9D2CF006E5329 /* Foundation.framework in Frameworks */ = {isa = PBXBuildFile; fileRef = F126A86A18C9D2CF006E5329 /* Foundation.framework */; };
		F126A87918C9D2CF006E5329 /* XCTest.framework in Frameworks */ = {isa = PBXBuildFile; fileRef = F126A87818C9D2CF006E5329 /* XCTest.framework */; };
		F126A87A18C9D2CF006E5329 /* Foundation.framework in Frameworks */ = {isa = PBXBuildFile; fileRef = F126A86A18C9D2CF006E5329 /* Foundation.framework */; };
		F126A87C18C9D2CF006E5329 /* UIKit.framework in Frameworks */ = {isa = PBXBuildFile; fileRef = F126A87B18C9D2CF006E5329 /* UIKit.framework */; };
		F126A87F18C9D2CF006E5329 /* libDynamicApp.a in Frameworks */ = {isa = PBXBuildFile; fileRef = F126A86718C9D2CF006E5329 /* libDynamicApp.a */; };
		F126A88518C9D2CF006E5329 /* InfoPlist.strings in Resources */ = {isa = PBXBuildFile; fileRef = F126A88318C9D2CF006E5329 /* InfoPlist.strings */; };
		F126A88718C9D2CF006E5329 /* DynamicAppTests.m in Sources */ = {isa = PBXBuildFile; fileRef = F126A88618C9D2CF006E5329 /* DynamicAppTests.m */; };
		F126A8EC18C9D32A006E5329 /* Ad.m in Sources */ = {isa = PBXBuildFile; fileRef = F126A89218C9D32A006E5329 /* Ad.m */; settings = {COMPILER_FLAGS = "-fno-objc-arc"; }; };
		F126A8ED18C9D32A006E5329 /* AddressBook.m in Sources */ = {isa = PBXBuildFile; fileRef = F126A89418C9D32A006E5329 /* AddressBook.m */; settings = {COMPILER_FLAGS = "-fno-objc-arc"; }; };
		F126A8EE18C9D32A006E5329 /* AppVersion.m in Sources */ = {isa = PBXBuildFile; fileRef = F126A89618C9D32A006E5329 /* AppVersion.m */; settings = {COMPILER_FLAGS = "-fno-objc-arc"; }; };
		F126A8EF18C9D32A006E5329 /* Bluetooth.m in Sources */ = {isa = PBXBuildFile; fileRef = F126A89818C9D32A006E5329 /* Bluetooth.m */; settings = {COMPILER_FLAGS = "-fno-objc-arc"; }; };
		F126A8F018C9D32A006E5329 /* Bluetooth4LE.m in Sources */ = {isa = PBXBuildFile; fileRef = F126A89A18C9D32A006E5329 /* Bluetooth4LE.m */; settings = {COMPILER_FLAGS = "-fno-objc-arc"; }; };
		F126A8F118C9D32A006E5329 /* Cache.m in Sources */ = {isa = PBXBuildFile; fileRef = F126A89C18C9D32A006E5329 /* Cache.m */; settings = {COMPILER_FLAGS = "-fno-objc-arc"; }; };
		F126A8F218C9D32A006E5329 /* Camera.m in Sources */ = {isa = PBXBuildFile; fileRef = F126A89E18C9D32A006E5329 /* Camera.m */; settings = {COMPILER_FLAGS = "-fno-objc-arc"; }; };
		F126A8F318C9D32A006E5329 /* Contacts.m in Sources */ = {isa = PBXBuildFile; fileRef = F126A8A018C9D32A006E5329 /* Contacts.m */; settings = {COMPILER_FLAGS = "-fno-objc-arc"; }; };
		F126A8F418C9D32A006E5329 /* Database.m in Sources */ = {isa = PBXBuildFile; fileRef = F126A8A318C9D32A006E5329 /* Database.m */; settings = {COMPILER_FLAGS = "-fno-objc-arc"; }; };
		F126A8F518C9D32A006E5329 /* DynamicAppDelegate.m in Sources */ = {isa = PBXBuildFile; fileRef = F126A8A618C9D32A006E5329 /* DynamicAppDelegate.m */; settings = {COMPILER_FLAGS = "-fno-objc-arc"; }; };
		F126A8F618C9D32A006E5329 /* DynamicAppPlugin.m in Sources */ = {isa = PBXBuildFile; fileRef = F126A8A818C9D32A006E5329 /* DynamicAppPlugin.m */; settings = {COMPILER_FLAGS = "-fno-objc-arc"; }; };
		F126A8F718C9D32A006E5329 /* DynamicAppViewController.m in Sources */ = {isa = PBXBuildFile; fileRef = F126A8AA18C9D32A006E5329 /* DynamicAppViewController.m */; settings = {COMPILER_FLAGS = "-fno-objc-arc"; }; };
		F126A8F818C9D32A006E5329 /* Encryptor.m in Sources */ = {isa = PBXBuildFile; fileRef = F126A8AE18C9D32A006E5329 /* Encryptor.m */; settings = {COMPILER_FLAGS = "-fno-objc-arc"; }; };
		F126A8F918C9D32A006E5329 /* File.m in Sources */ = {isa = PBXBuildFile; fileRef = F126A8B018C9D32A006E5329 /* File.m */; settings = {COMPILER_FLAGS = "-fno-objc-arc"; }; };
		F126A8FA18C9D32A006E5329 /* FileEncryptor.cpp in Sources */ = {isa = PBXBuildFile; fileRef = F126A8B118C9D32A006E5329 /* FileEncryptor.cpp */; };
		F126A8FB18C9D32A006E5329 /* ImageDecrypt.mm in Sources */ = {isa = PBXBuildFile; fileRef = F126A8B418C9D32A006E5329 /* ImageDecrypt.mm */; settings = {COMPILER_FLAGS = "-fno-objc-arc"; }; };
		F126A8FC18C9D32A006E5329 /* KeychainHelper.m in Sources */ = {isa = PBXBuildFile; fileRef = F126A8B718C9D32A006E5329 /* KeychainHelper.m */; settings = {COMPILER_FLAGS = "-fno-objc-arc"; }; };
		F126A8FD18C9D32A006E5329 /* LoadingScreen.m in Sources */ = {isa = PBXBuildFile; fileRef = F126A8B918C9D32A006E5329 /* LoadingScreen.m */; settings = {COMPILER_FLAGS = "-fno-objc-arc"; }; };
		F126A8FE18C9D32A006E5329 /* md5.c in Sources */ = {isa = PBXBuildFile; fileRef = F126A8BA18C9D32A006E5329 /* md5.c */; };
		F126A8FF18C9D32A006E5329 /* Movie.m in Sources */ = {isa = PBXBuildFile; fileRef = F126A8BD18C9D32A006E5329 /* Movie.m */; settings = {COMPILER_FLAGS = "-fno-objc-arc"; }; };
		F126A90018C9D32A006E5329 /* Notification.m in Sources */ = {isa = PBXBuildFile; fileRef = F126A8BF18C9D32A006E5329 /* Notification.m */; settings = {COMPILER_FLAGS = "-fno-objc-arc"; }; };
		F126A90118C9D32A006E5329 /* NSData+Base64.m in Sources */ = {isa = PBXBuildFile; fileRef = F126A8C118C9D32A006E5329 /* NSData+Base64.m */; settings = {COMPILER_FLAGS = "-fno-objc-arc"; }; };
		F126A90218C9D32A006E5329 /* DownloadConttroller.m in Sources */ = {isa = PBXBuildFile; fileRef = F126A8C418C9D32A006E5329 /* DownloadConttroller.m */; settings = {COMPILER_FLAGS = "-fno-objc-arc"; }; };
		F126A90318C9D32A006E5329 /* PDFViewer.m in Sources */ = {isa = PBXBuildFile; fileRef = F126A8C618C9D32A006E5329 /* PDFViewer.m */; settings = {COMPILER_FLAGS = "-fno-objc-arc"; }; };
		F126A90418C9D32A006E5329 /* PluginResult.m in Sources */ = {isa = PBXBuildFile; fileRef = F126A8C818C9D32A006E5329 /* PluginResult.m */; settings = {COMPILER_FLAGS = "-fno-objc-arc"; }; };
		F126A90518C9D32A006E5329 /* QRReader.mm in Sources */ = {isa = PBXBuildFile; fileRef = F126A8C918C9D32A006E5329 /* QRReader.mm */; settings = {COMPILER_FLAGS = "-fno-objc-arc"; }; };
		F126A90618C9D32A006E5329 /* random.c in Sources */ = {isa = PBXBuildFile; fileRef = F126A8CA18C9D32A006E5329 /* random.c */; };
		F126A90718C9D32A006E5329 /* Shortcut.m in Sources */ = {isa = PBXBuildFile; fileRef = F126A8CD18C9D32A006E5329 /* Shortcut.m */; settings = {COMPILER_FLAGS = "-fno-objc-arc"; }; };
		F126A90818C9D32A006E5329 /* Sound.m in Sources */ = {isa = PBXBuildFile; fileRef = F126A8CF18C9D32A006E5329 /* Sound.m */; settings = {COMPILER_FLAGS = "-fno-objc-arc"; }; };
		F126A90918C9D32A006E5329 /* UrlCommand.m in Sources */ = {isa = PBXBuildFile; fileRef = F126A8D118C9D32A006E5329 /* UrlCommand.m */; settings = {COMPILER_FLAGS = "-fno-objc-arc"; }; };
		F126A90A18C9D32A006E5329 /* UUIDHelper.m in Sources */ = {isa = PBXBuildFile; fileRef = F126A8D318C9D32A006E5329 /* UUIDHelper.m */; settings = {COMPILER_FLAGS = "-fno-objc-arc"; }; };
		F126A90B18C9D32A006E5329 /* vFile.cpp in Sources */ = {isa = PBXBuildFile; fileRef = F126A8D418C9D32A006E5329 /* vFile.cpp */; };
		F126A90C18C9D32A006E5329 /* DynamicAppSplashViewController.m in Sources */ = {isa = PBXBuildFile; fileRef = F126A8D818C9D32A006E5329 /* DynamicAppSplashViewController.m */; settings = {COMPILER_FLAGS = "-fno-objc-arc"; }; };
		F126A90D18C9D32A006E5329 /* LoadingView.m in Sources */ = {isa = PBXBuildFile; fileRef = F126A8DB18C9D32A006E5329 /* LoadingView.m */; settings = {COMPILER_FLAGS = "-fno-objc-arc"; }; };
		F126A90E18C9D32A006E5329 /* ioapi.c in Sources */ = {isa = PBXBuildFile; fileRef = F126A8DF18C9D32A006E5329 /* ioapi.c */; };
		F126A90F18C9D32A006E5329 /* mztools.c in Sources */ = {isa = PBXBuildFile; fileRef = F126A8E118C9D32A006E5329 /* mztools.c */; };
		F126A91018C9D32A006E5329 /* unzip.c in Sources */ = {isa = PBXBuildFile; fileRef = F126A8E318C9D32A006E5329 /* unzip.c */; };
		F126A91118C9D32A006E5329 /* zip.c in Sources */ = {isa = PBXBuildFile; fileRef = F126A8E518C9D32A006E5329 /* zip.c */; };
		F126A91218C9D32A006E5329 /* ZipArchive.mm in Sources */ = {isa = PBXBuildFile; fileRef = F126A8E818C9D32A006E5329 /* ZipArchive.mm */; settings = {COMPILER_FLAGS = "-fno-objc-arc"; }; };
		F126A91318C9D32A006E5329 /* ZXUtility.m in Sources */ = {isa = PBXBuildFile; fileRef = F126A8EB18C9D32A006E5329 /* ZXUtility.m */; settings = {COMPILER_FLAGS = "-fno-objc-arc"; }; };
		F126A9A418C9D487006E5329 /* libZXingWidget.a in Frameworks */ = {isa = PBXBuildFile; fileRef = F126A99F18C9D470006E5329 /* libZXingWidget.a */; };
		F126A9C018C9DF09006E5329 /* DynamicAppDelegate.h in Headers */ = {isa = PBXBuildFile; fileRef = F126A8A518C9D32A006E5329 /* DynamicAppDelegate.h */; settings = {ATTRIBUTES = (Public, ); }; };
		F126A9C118C9DF09006E5329 /* DynamicAppViewController.h in Headers */ = {isa = PBXBuildFile; fileRef = F126A8A918C9D32A006E5329 /* DynamicAppViewController.h */; settings = {ATTRIBUTES = (Public, ); }; };
		F1ADE3C818CA0C8300ED10C2 /* libZXPDFViewer.a in Frameworks */ = {isa = PBXBuildFile; fileRef = F126A9C718C9F384006E5329 /* libZXPDFViewer.a */; };
/* End PBXBuildFile section */

/* Begin PBXContainerItemProxy section */
		F126A87D18C9D2CF006E5329 /* PBXContainerItemProxy */ = {
			isa = PBXContainerItemProxy;
			containerPortal = F126A85F18C9D2CF006E5329 /* Project object */;
			proxyType = 1;
			remoteGlobalIDString = F126A86618C9D2CF006E5329;
			remoteInfo = DynamicApp;
		};
		F126A99E18C9D470006E5329 /* PBXContainerItemProxy */ = {
			isa = PBXContainerItemProxy;
			containerPortal = F126A99918C9D46F006E5329 /* ZXingWidget.xcodeproj */;
			proxyType = 2;
			remoteGlobalIDString = D2AAC07E0554694100DB518D;
			remoteInfo = ZXingWidget;
		};
		F126A9A018C9D470006E5329 /* PBXContainerItemProxy */ = {
			isa = PBXContainerItemProxy;
			containerPortal = F126A99918C9D46F006E5329 /* ZXingWidget.xcodeproj */;
			proxyType = 2;
			remoteGlobalIDString = 1D60398D13DF7CAD006F4B51;
			remoteInfo = ZXingTests;
		};
		F126A9A218C9D47D006E5329 /* PBXContainerItemProxy */ = {
			isa = PBXContainerItemProxy;
			containerPortal = F126A99918C9D46F006E5329 /* ZXingWidget.xcodeproj */;
			proxyType = 1;
			remoteGlobalIDString = D2AAC07D0554694100DB518D;
			remoteInfo = ZXingWidget;
		};
/* End PBXContainerItemProxy section */

/* Begin PBXFileReference section */
		F126A86718C9D2CF006E5329 /* libDynamicApp.a */ = {isa = PBXFileReference; explicitFileType = archive.ar; includeInIndex = 0; path = libDynamicApp.a; sourceTree = BUILT_PRODUCTS_DIR; };
		F126A86A18C9D2CF006E5329 /* Foundation.framework */ = {isa = PBXFileReference; lastKnownFileType = wrapper.framework; name = Foundation.framework; path = System/Library/Frameworks/Foundation.framework; sourceTree = SDKROOT; };
		F126A86E18C9D2CF006E5329 /* DynamicApp-Prefix.pch */ = {isa = PBXFileReference; lastKnownFileType = sourcecode.c.h; path = "DynamicApp-Prefix.pch"; sourceTree = "<group>"; };
		F126A87718C9D2CF006E5329 /* DynamicAppTests.xctest */ = {isa = PBXFileReference; explicitFileType = wrapper.cfbundle; includeInIndex = 0; path = DynamicAppTests.xctest; sourceTree = BUILT_PRODUCTS_DIR; };
		F126A87818C9D2CF006E5329 /* XCTest.framework */ = {isa = PBXFileReference; lastKnownFileType = wrapper.framework; name = XCTest.framework; path = Library/Frameworks/XCTest.framework; sourceTree = DEVELOPER_DIR; };
		F126A87B18C9D2CF006E5329 /* UIKit.framework */ = {isa = PBXFileReference; lastKnownFileType = wrapper.framework; name = UIKit.framework; path = Library/Frameworks/UIKit.framework; sourceTree = DEVELOPER_DIR; };
		F126A88218C9D2CF006E5329 /* DynamicAppTests-Info.plist */ = {isa = PBXFileReference; lastKnownFileType = text.plist.xml; path = "DynamicAppTests-Info.plist"; sourceTree = "<group>"; };
		F126A88418C9D2CF006E5329 /* en */ = {isa = PBXFileReference; lastKnownFileType = text.plist.strings; name = en; path = en.lproj/InfoPlist.strings; sourceTree = "<group>"; };
		F126A88618C9D2CF006E5329 /* DynamicAppTests.m */ = {isa = PBXFileReference; lastKnownFileType = sourcecode.c.objc; path = DynamicAppTests.m; sourceTree = "<group>"; };
		F126A89118C9D32A006E5329 /* Ad.h */ = {isa = PBXFileReference; fileEncoding = 4; lastKnownFileType = sourcecode.c.h; path = Ad.h; sourceTree = "<group>"; };
		F126A89218C9D32A006E5329 /* Ad.m */ = {isa = PBXFileReference; fileEncoding = 4; lastKnownFileType = sourcecode.c.objc; path = Ad.m; sourceTree = "<group>"; };
		F126A89318C9D32A006E5329 /* AddressBook.h */ = {isa = PBXFileReference; fileEncoding = 4; lastKnownFileType = sourcecode.c.h; path = AddressBook.h; sourceTree = "<group>"; };
		F126A89418C9D32A006E5329 /* AddressBook.m */ = {isa = PBXFileReference; fileEncoding = 4; lastKnownFileType = sourcecode.c.objc; path = AddressBook.m; sourceTree = "<group>"; };
		F126A89518C9D32A006E5329 /* AppVersion.h */ = {isa = PBXFileReference; fileEncoding = 4; lastKnownFileType = sourcecode.c.h; path = AppVersion.h; sourceTree = "<group>"; };
		F126A89618C9D32A006E5329 /* AppVersion.m */ = {isa = PBXFileReference; fileEncoding = 4; lastKnownFileType = sourcecode.c.objc; path = AppVersion.m; sourceTree = "<group>"; };
		F126A89718C9D32A006E5329 /* Bluetooth.h */ = {isa = PBXFileReference; fileEncoding = 4; lastKnownFileType = sourcecode.c.h; path = Bluetooth.h; sourceTree = "<group>"; };
		F126A89818C9D32A006E5329 /* Bluetooth.m */ = {isa = PBXFileReference; fileEncoding = 4; lastKnownFileType = sourcecode.c.objc; path = Bluetooth.m; sourceTree = "<group>"; };
		F126A89918C9D32A006E5329 /* Bluetooth4LE.h */ = {isa = PBXFileReference; fileEncoding = 4; lastKnownFileType = sourcecode.c.h; path = Bluetooth4LE.h; sourceTree = "<group>"; };
		F126A89A18C9D32A006E5329 /* Bluetooth4LE.m */ = {isa = PBXFileReference; fileEncoding = 4; lastKnownFileType = sourcecode.c.objc; path = Bluetooth4LE.m; sourceTree = "<group>"; };
		F126A89B18C9D32A006E5329 /* Cache.h */ = {isa = PBXFileReference; fileEncoding = 4; lastKnownFileType = sourcecode.c.h; path = Cache.h; sourceTree = "<group>"; };
		F126A89C18C9D32A006E5329 /* Cache.m */ = {isa = PBXFileReference; fileEncoding = 4; lastKnownFileType = sourcecode.c.objc; path = Cache.m; sourceTree = "<group>"; };
		F126A89D18C9D32A006E5329 /* Camera.h */ = {isa = PBXFileReference; fileEncoding = 4; lastKnownFileType = sourcecode.c.h; path = Camera.h; sourceTree = "<group>"; };
		F126A89E18C9D32A006E5329 /* Camera.m */ = {isa = PBXFileReference; fileEncoding = 4; lastKnownFileType = sourcecode.c.objc; path = Camera.m; sourceTree = "<group>"; };
		F126A89F18C9D32A006E5329 /* Contacts.h */ = {isa = PBXFileReference; fileEncoding = 4; lastKnownFileType = sourcecode.c.h; path = Contacts.h; sourceTree = "<group>"; };
		F126A8A018C9D32A006E5329 /* Contacts.m */ = {isa = PBXFileReference; fileEncoding = 4; lastKnownFileType = sourcecode.c.objc; path = Contacts.m; sourceTree = "<group>"; };
		F126A8A118C9D32A006E5329 /* cppdefine.h */ = {isa = PBXFileReference; fileEncoding = 4; lastKnownFileType = sourcecode.c.h; path = cppdefine.h; sourceTree = "<group>"; };
		F126A8A218C9D32A006E5329 /* Database.h */ = {isa = PBXFileReference; fileEncoding = 4; lastKnownFileType = sourcecode.c.h; path = Database.h; sourceTree = "<group>"; };
		F126A8A318C9D32A006E5329 /* Database.m */ = {isa = PBXFileReference; fileEncoding = 4; lastKnownFileType = sourcecode.c.objc; path = Database.m; sourceTree = "<group>"; };
		F126A8A418C9D32A006E5329 /* define.h */ = {isa = PBXFileReference; fileEncoding = 4; lastKnownFileType = sourcecode.c.h; path = define.h; sourceTree = "<group>"; };
		F126A8A518C9D32A006E5329 /* DynamicAppDelegate.h */ = {isa = PBXFileReference; fileEncoding = 4; lastKnownFileType = sourcecode.c.h; path = DynamicAppDelegate.h; sourceTree = "<group>"; };
		F126A8A618C9D32A006E5329 /* DynamicAppDelegate.m */ = {isa = PBXFileReference; fileEncoding = 4; lastKnownFileType = sourcecode.c.objc; path = DynamicAppDelegate.m; sourceTree = "<group>"; };
		F126A8A718C9D32A006E5329 /* DynamicAppPlugin.h */ = {isa = PBXFileReference; fileEncoding = 4; lastKnownFileType = sourcecode.c.h; path = DynamicAppPlugin.h; sourceTree = "<group>"; };
		F126A8A818C9D32A006E5329 /* DynamicAppPlugin.m */ = {isa = PBXFileReference; fileEncoding = 4; lastKnownFileType = sourcecode.c.objc; path = DynamicAppPlugin.m; sourceTree = "<group>"; };
		F126A8A918C9D32A006E5329 /* DynamicAppViewController.h */ = {isa = PBXFileReference; fileEncoding = 4; lastKnownFileType = sourcecode.c.h; path = DynamicAppViewController.h; sourceTree = "<group>"; };
		F126A8AA18C9D32A006E5329 /* DynamicAppViewController.m */ = {isa = PBXFileReference; fileEncoding = 4; lastKnownFileType = sourcecode.c.objc; path = DynamicAppViewController.m; sourceTree = "<group>"; };
		F126A8AC18C9D32A006E5329 /* en */ = {isa = PBXFileReference; lastKnownFileType = sourcecode.c.h; name = en; path = en.lproj/QRReader.h; sourceTree = "<group>"; };
		F126A8AD18C9D32A006E5329 /* Encryptor.h */ = {isa = PBXFileReference; fileEncoding = 4; lastKnownFileType = sourcecode.c.h; path = Encryptor.h; sourceTree = "<group>"; };
		F126A8AE18C9D32A006E5329 /* Encryptor.m */ = {isa = PBXFileReference; fileEncoding = 4; lastKnownFileType = sourcecode.c.objc; path = Encryptor.m; sourceTree = "<group>"; };
		F126A8AF18C9D32A006E5329 /* File.h */ = {isa = PBXFileReference; fileEncoding = 4; lastKnownFileType = sourcecode.c.h; path = File.h; sourceTree = "<group>"; };
		F126A8B018C9D32A006E5329 /* File.m */ = {isa = PBXFileReference; fileEncoding = 4; lastKnownFileType = sourcecode.c.objc; path = File.m; sourceTree = "<group>"; };
		F126A8B118C9D32A006E5329 /* FileEncryptor.cpp */ = {isa = PBXFileReference; fileEncoding = 4; lastKnownFileType = sourcecode.cpp.cpp; path = FileEncryptor.cpp; sourceTree = "<group>"; };
		F126A8B218C9D32A006E5329 /* FileEncryptor.h */ = {isa = PBXFileReference; fileEncoding = 4; lastKnownFileType = sourcecode.c.h; path = FileEncryptor.h; sourceTree = "<group>"; };
		F126A8B318C9D32A006E5329 /* ImageDecrypt.h */ = {isa = PBXFileReference; fileEncoding = 4; lastKnownFileType = sourcecode.c.h; path = ImageDecrypt.h; sourceTree = "<group>"; };
		F126A8B418C9D32A006E5329 /* ImageDecrypt.mm */ = {isa = PBXFileReference; fileEncoding = 4; lastKnownFileType = sourcecode.cpp.objcpp; path = ImageDecrypt.mm; sourceTree = "<group>"; };
		F126A8B618C9D32A006E5329 /* KeychainHelper.h */ = {isa = PBXFileReference; fileEncoding = 4; lastKnownFileType = sourcecode.c.h; path = KeychainHelper.h; sourceTree = "<group>"; };
		F126A8B718C9D32A006E5329 /* KeychainHelper.m */ = {isa = PBXFileReference; fileEncoding = 4; lastKnownFileType = sourcecode.c.objc; path = KeychainHelper.m; sourceTree = "<group>"; };
		F126A8B818C9D32A006E5329 /* LoadingScreen.h */ = {isa = PBXFileReference; fileEncoding = 4; lastKnownFileType = sourcecode.c.h; path = LoadingScreen.h; sourceTree = "<group>"; };
		F126A8B918C9D32A006E5329 /* LoadingScreen.m */ = {isa = PBXFileReference; fileEncoding = 4; lastKnownFileType = sourcecode.c.objc; path = LoadingScreen.m; sourceTree = "<group>"; };
		F126A8BA18C9D32A006E5329 /* md5.c */ = {isa = PBXFileReference; fileEncoding = 4; lastKnownFileType = sourcecode.c.c; path = md5.c; sourceTree = "<group>"; };
		F126A8BB18C9D32A006E5329 /* md5.h */ = {isa = PBXFileReference; fileEncoding = 4; lastKnownFileType = sourcecode.c.h; path = md5.h; sourceTree = "<group>"; };
		F126A8BC18C9D32A006E5329 /* Movie.h */ = {isa = PBXFileReference; fileEncoding = 4; lastKnownFileType = sourcecode.c.h; path = Movie.h; sourceTree = "<group>"; };
		F126A8BD18C9D32A006E5329 /* Movie.m */ = {isa = PBXFileReference; fileEncoding = 4; lastKnownFileType = sourcecode.c.objc; path = Movie.m; sourceTree = "<group>"; };
		F126A8BE18C9D32A006E5329 /* Notification.h */ = {isa = PBXFileReference; fileEncoding = 4; lastKnownFileType = sourcecode.c.h; path = Notification.h; sourceTree = "<group>"; };
		F126A8BF18C9D32A006E5329 /* Notification.m */ = {isa = PBXFileReference; fileEncoding = 4; lastKnownFileType = sourcecode.c.objc; path = Notification.m; sourceTree = "<group>"; };
		F126A8C018C9D32A006E5329 /* NSData+Base64.h */ = {isa = PBXFileReference; fileEncoding = 4; lastKnownFileType = sourcecode.c.h; path = "NSData+Base64.h"; sourceTree = "<group>"; };
		F126A8C118C9D32A006E5329 /* NSData+Base64.m */ = {isa = PBXFileReference; fileEncoding = 4; lastKnownFileType = sourcecode.c.objc; path = "NSData+Base64.m"; sourceTree = "<group>"; };
		F126A8C318C9D32A006E5329 /* DownloadConttroller.h */ = {isa = PBXFileReference; fileEncoding = 4; lastKnownFileType = sourcecode.c.h; path = DownloadConttroller.h; sourceTree = "<group>"; };
		F126A8C418C9D32A006E5329 /* DownloadConttroller.m */ = {isa = PBXFileReference; fileEncoding = 4; lastKnownFileType = sourcecode.c.objc; path = DownloadConttroller.m; sourceTree = "<group>"; };
		F126A8C518C9D32A006E5329 /* PDFViewer.h */ = {isa = PBXFileReference; fileEncoding = 4; lastKnownFileType = sourcecode.c.h; path = PDFViewer.h; sourceTree = "<group>"; };
		F126A8C618C9D32A006E5329 /* PDFViewer.m */ = {isa = PBXFileReference; fileEncoding = 4; lastKnownFileType = sourcecode.c.objc; path = PDFViewer.m; sourceTree = "<group>"; };
		F126A8C718C9D32A006E5329 /* PluginResult.h */ = {isa = PBXFileReference; fileEncoding = 4; lastKnownFileType = sourcecode.c.h; path = PluginResult.h; sourceTree = "<group>"; };
		F126A8C818C9D32A006E5329 /* PluginResult.m */ = {isa = PBXFileReference; fileEncoding = 4; lastKnownFileType = sourcecode.c.objc; path = PluginResult.m; sourceTree = "<group>"; };
		F126A8C918C9D32A006E5329 /* QRReader.mm */ = {isa = PBXFileReference; fileEncoding = 4; lastKnownFileType = sourcecode.cpp.objcpp; path = QRReader.mm; sourceTree = "<group>"; };
		F126A8CA18C9D32A006E5329 /* random.c */ = {isa = PBXFileReference; fileEncoding = 4; lastKnownFileType = sourcecode.c.c; path = random.c; sourceTree = "<group>"; };
		F126A8CB18C9D32A006E5329 /* random.h */ = {isa = PBXFileReference; fileEncoding = 4; lastKnownFileType = sourcecode.c.h; path = random.h; sourceTree = "<group>"; };
		F126A8CC18C9D32A006E5329 /* Shortcut.h */ = {isa = PBXFileReference; fileEncoding = 4; lastKnownFileType = sourcecode.c.h; path = Shortcut.h; sourceTree = "<group>"; };
		F126A8CD18C9D32A006E5329 /* Shortcut.m */ = {isa = PBXFileReference; fileEncoding = 4; lastKnownFileType = sourcecode.c.objc; path = Shortcut.m; sourceTree = "<group>"; };
		F126A8CE18C9D32A006E5329 /* Sound.h */ = {isa = PBXFileReference; fileEncoding = 4; lastKnownFileType = sourcecode.c.h; path = Sound.h; sourceTree = "<group>"; };
		F126A8CF18C9D32A006E5329 /* Sound.m */ = {isa = PBXFileReference; fileEncoding = 4; lastKnownFileType = sourcecode.c.objc; path = Sound.m; sourceTree = "<group>"; };
		F126A8D018C9D32A006E5329 /* UrlCommand.h */ = {isa = PBXFileReference; fileEncoding = 4; lastKnownFileType = sourcecode.c.h; path = UrlCommand.h; sourceTree = "<group>"; };
		F126A8D118C9D32A006E5329 /* UrlCommand.m */ = {isa = PBXFileReference; fileEncoding = 4; lastKnownFileType = sourcecode.c.objc; path = UrlCommand.m; sourceTree = "<group>"; };
		F126A8D218C9D32A006E5329 /* UUIDHelper.h */ = {isa = PBXFileReference; fileEncoding = 4; lastKnownFileType = sourcecode.c.h; path = UUIDHelper.h; sourceTree = "<group>"; };
		F126A8D318C9D32A006E5329 /* UUIDHelper.m */ = {isa = PBXFileReference; fileEncoding = 4; lastKnownFileType = sourcecode.c.objc; path = UUIDHelper.m; sourceTree = "<group>"; };
		F126A8D418C9D32A006E5329 /* vFile.cpp */ = {isa = PBXFileReference; fileEncoding = 4; lastKnownFileType = sourcecode.cpp.cpp; path = vFile.cpp; sourceTree = "<group>"; };
		F126A8D518C9D32A006E5329 /* vFile.h */ = {isa = PBXFileReference; fileEncoding = 4; lastKnownFileType = sourcecode.c.h; path = vFile.h; sourceTree = "<group>"; };
		F126A8D718C9D32A006E5329 /* DynamicAppSplashViewController.h */ = {isa = PBXFileReference; fileEncoding = 4; lastKnownFileType = sourcecode.c.h; path = DynamicAppSplashViewController.h; sourceTree = "<group>"; };
		F126A8D818C9D32A006E5329 /* DynamicAppSplashViewController.m */ = {isa = PBXFileReference; fileEncoding = 4; lastKnownFileType = sourcecode.c.objc; path = DynamicAppSplashViewController.m; sourceTree = "<group>"; };
		F126A8DA18C9D32A006E5329 /* LoadingView.h */ = {isa = PBXFileReference; fileEncoding = 4; lastKnownFileType = sourcecode.c.h; path = LoadingView.h; sourceTree = "<group>"; };
		F126A8DB18C9D32A006E5329 /* LoadingView.m */ = {isa = PBXFileReference; fileEncoding = 4; lastKnownFileType = sourcecode.c.objc; path = LoadingView.m; sourceTree = "<group>"; };
		F126A8DE18C9D32A006E5329 /* crypt.h */ = {isa = PBXFileReference; fileEncoding = 4; lastKnownFileType = sourcecode.c.h; path = crypt.h; sourceTree = "<group>"; };
		F126A8DF18C9D32A006E5329 /* ioapi.c */ = {isa = PBXFileReference; fileEncoding = 4; lastKnownFileType = sourcecode.c.c; path = ioapi.c; sourceTree = "<group>"; };
		F126A8E018C9D32A006E5329 /* ioapi.h */ = {isa = PBXFileReference; fileEncoding = 4; lastKnownFileType = sourcecode.c.h; path = ioapi.h; sourceTree = "<group>"; };
		F126A8E118C9D32A006E5329 /* mztools.c */ = {isa = PBXFileReference; fileEncoding = 4; lastKnownFileType = sourcecode.c.c; path = mztools.c; sourceTree = "<group>"; };
		F126A8E218C9D32A006E5329 /* mztools.h */ = {isa = PBXFileReference; fileEncoding = 4; lastKnownFileType = sourcecode.c.h; path = mztools.h; sourceTree = "<group>"; };
		F126A8E318C9D32A006E5329 /* unzip.c */ = {isa = PBXFileReference; fileEncoding = 4; lastKnownFileType = sourcecode.c.c; path = unzip.c; sourceTree = "<group>"; };
		F126A8E418C9D32A006E5329 /* unzip.h */ = {isa = PBXFileReference; fileEncoding = 4; lastKnownFileType = sourcecode.c.h; path = unzip.h; sourceTree = "<group>"; };
		F126A8E518C9D32A006E5329 /* zip.c */ = {isa = PBXFileReference; fileEncoding = 4; lastKnownFileType = sourcecode.c.c; path = zip.c; sourceTree = "<group>"; };
		F126A8E618C9D32A006E5329 /* zip.h */ = {isa = PBXFileReference; fileEncoding = 4; lastKnownFileType = sourcecode.c.h; path = zip.h; sourceTree = "<group>"; };
		F126A8E718C9D32A006E5329 /* ZipArchive.h */ = {isa = PBXFileReference; fileEncoding = 4; lastKnownFileType = sourcecode.c.h; path = ZipArchive.h; sourceTree = "<group>"; };
		F126A8E818C9D32A006E5329 /* ZipArchive.mm */ = {isa = PBXFileReference; fileEncoding = 4; lastKnownFileType = sourcecode.cpp.objcpp; path = ZipArchive.mm; sourceTree = "<group>"; };
		F126A8EA18C9D32A006E5329 /* ZXUtility.h */ = {isa = PBXFileReference; fileEncoding = 4; lastKnownFileType = sourcecode.c.h; path = ZXUtility.h; sourceTree = "<group>"; };
		F126A8EB18C9D32A006E5329 /* ZXUtility.m */ = {isa = PBXFileReference; fileEncoding = 4; lastKnownFileType = sourcecode.c.objc; path = ZXUtility.m; sourceTree = "<group>"; };
		F126A91818C9D456006E5329 /* mecab.h */ = {isa = PBXFileReference; fileEncoding = 4; lastKnownFileType = sourcecode.c.h; path = mecab.h; sourceTree = "<group>"; };
		F126A91918C9D456006E5329 /* ZXMecabNode.h */ = {isa = PBXFileReference; fileEncoding = 4; lastKnownFileType = sourcecode.c.h; path = ZXMecabNode.h; sourceTree = "<group>"; };
		F126A91A18C9D456006E5329 /* ZXMecabParser.h */ = {isa = PBXFileReference; fileEncoding = 4; lastKnownFileType = sourcecode.c.h; path = ZXMecabParser.h; sourceTree = "<group>"; };
		F126A91B18C9D456006E5329 /* ZXPDFViewerData.bundle */ = {isa = PBXFileReference; lastKnownFileType = "wrapper.plug-in"; name = ZXPDFViewerData.bundle; path = dependencies/libZXPDFViewer/ZXPDFViewerData.bundle; sourceTree = SOURCE_ROOT; };
		F126A91D18C9D456006E5329 /* NSObject+ZXPDFObjectConverter.h */ = {isa = PBXFileReference; fileEncoding = 4; lastKnownFileType = sourcecode.c.h; path = "NSObject+ZXPDFObjectConverter.h"; sourceTree = "<group>"; };
		F126A91E18C9D456006E5329 /* ZXPDFCanvasViewController.h */ = {isa = PBXFileReference; fileEncoding = 4; lastKnownFileType = sourcecode.c.h; path = ZXPDFCanvasViewController.h; sourceTree = "<group>"; };
		F126A91F18C9D456006E5329 /* ZXPDFCatalogScanner.h */ = {isa = PBXFileReference; fileEncoding = 4; lastKnownFileType = sourcecode.c.h; path = ZXPDFCatalogScanner.h; sourceTree = "<group>"; };
		F126A92018C9D456006E5329 /* ZXPDFCMap+Utility.h */ = {isa = PBXFileReference; fileEncoding = 4; lastKnownFileType = sourcecode.c.h; path = "ZXPDFCMap+Utility.h"; sourceTree = "<group>"; };
		F126A92118C9D456006E5329 /* ZXPDFCMap.h */ = {isa = PBXFileReference; fileEncoding = 4; lastKnownFileType = sourcecode.c.h; path = ZXPDFCMap.h; sourceTree = "<group>"; };
		F126A92218C9D456006E5329 /* ZXPDFCMapCIDMap.h */ = {isa = PBXFileReference; fileEncoding = 4; lastKnownFileType = sourcecode.c.h; path = ZXPDFCMapCIDMap.h; sourceTree = "<group>"; };
		F126A92318C9D456006E5329 /* ZXPDFCMapCIDRangeMap.h */ = {isa = PBXFileReference; fileEncoding = 4; lastKnownFileType = sourcecode.c.h; path = ZXPDFCMapCIDRangeMap.h; sourceTree = "<group>"; };
		F126A92418C9D456006E5329 /* ZXPDFCMapCodespaceRange.h */ = {isa = PBXFileReference; fileEncoding = 4; lastKnownFileType = sourcecode.c.h; path = ZXPDFCMapCodespaceRange.h; sourceTree = "<group>"; };
		F126A92518C9D456006E5329 /* ZXPDFCMapCoreDataModels.h */ = {isa = PBXFileReference; fileEncoding = 4; lastKnownFileType = sourcecode.c.h; path = ZXPDFCMapCoreDataModels.h; sourceTree = "<group>"; };
		F126A92618C9D456006E5329 /* ZXPDFCMapDefinition.h */ = {isa = PBXFileReference; fileEncoding = 4; lastKnownFileType = sourcecode.c.h; path = ZXPDFCMapDefinition.h; sourceTree = "<group>"; };
		F126A92718C9D456006E5329 /* ZXPDFCMapEntryMaker.h */ = {isa = PBXFileReference; fileEncoding = 4; lastKnownFileType = sourcecode.c.h; path = ZXPDFCMapEntryMaker.h; sourceTree = "<group>"; };
		F126A92818C9D456006E5329 /* ZXPDFCMapFileParser.h */ = {isa = PBXFileReference; fileEncoding = 4; lastKnownFileType = sourcecode.c.h; path = ZXPDFCMapFileParser.h; sourceTree = "<group>"; };
		F126A92918C9D456006E5329 /* ZXPDFCMapParser.h */ = {isa = PBXFileReference; fileEncoding = 4; lastKnownFileType = sourcecode.c.h; path = ZXPDFCMapParser.h; sourceTree = "<group>"; };
		F126A92A18C9D456006E5329 /* ZXPDFCMapStreamParser.h */ = {isa = PBXFileReference; fileEncoding = 4; lastKnownFileType = sourcecode.c.h; path = ZXPDFCMapStreamParser.h; sourceTree = "<group>"; };
		F126A92B18C9D456006E5329 /* ZXPDFCMapToUnicodeStreamParser.h */ = {isa = PBXFileReference; fileEncoding = 4; lastKnownFileType = sourcecode.c.h; path = ZXPDFCMapToUnicodeStreamParser.h; sourceTree = "<group>"; };
		F126A92C18C9D456006E5329 /* ZXPDFCMapUnicodeMap.h */ = {isa = PBXFileReference; fileEncoding = 4; lastKnownFileType = sourcecode.c.h; path = ZXPDFCMapUnicodeMap.h; sourceTree = "<group>"; };
		F126A92D18C9D456006E5329 /* ZXPDFCMapUnicodeRangeMap.h */ = {isa = PBXFileReference; fileEncoding = 4; lastKnownFileType = sourcecode.c.h; path = ZXPDFCMapUnicodeRangeMap.h; sourceTree = "<group>"; };
		F126A92E18C9D456006E5329 /* ZXPDFConstants.h */ = {isa = PBXFileReference; fileEncoding = 4; lastKnownFileType = sourcecode.c.h; path = ZXPDFConstants.h; sourceTree = "<group>"; };
		F126A92F18C9D456006E5329 /* ZXPDFDictionaryScanner.h */ = {isa = PBXFileReference; fileEncoding = 4; lastKnownFileType = sourcecode.c.h; path = ZXPDFDictionaryScanner.h; sourceTree = "<group>"; };
		F126A93018C9D456006E5329 /* ZXPDFDocumentObject.h */ = {isa = PBXFileReference; fileEncoding = 4; lastKnownFileType = sourcecode.c.h; path = ZXPDFDocumentObject.h; sourceTree = "<group>"; };
		F126A93118C9D456006E5329 /* ZXPDFDocumentView.h */ = {isa = PBXFileReference; fileEncoding = 4; lastKnownFileType = sourcecode.c.h; path = ZXPDFDocumentView.h; sourceTree = "<group>"; };
		F126A93218C9D456006E5329 /* ZXPDFDocumentViewHardPageFlipAnimator.h */ = {isa = PBXFileReference; fileEncoding = 4; lastKnownFileType = sourcecode.c.h; path = ZXPDFDocumentViewHardPageFlipAnimator.h; sourceTree = "<group>"; };
		F126A93318C9D456006E5329 /* ZXPDFDocumentViewLinearPageAnimator.h */ = {isa = PBXFileReference; fileEncoding = 4; lastKnownFileType = sourcecode.c.h; path = ZXPDFDocumentViewLinearPageAnimator.h; sourceTree = "<group>"; };
		F126A93418C9D456006E5329 /* ZXPDFDocumentViewPageAnimation.h */ = {isa = PBXFileReference; fileEncoding = 4; lastKnownFileType = sourcecode.c.h; path = ZXPDFDocumentViewPageAnimation.h; sourceTree = "<group>"; };
		F126A93518C9D456006E5329 /* ZXPDFDocumentViewSimplePageAnimator.h */ = {isa = PBXFileReference; fileEncoding = 4; lastKnownFileType = sourcecode.c.h; path = ZXPDFDocumentViewSimplePageAnimator.h; sourceTree = "<group>"; };
		F126A93618C9D456006E5329 /* ZXPDFFontCharacterRangeWidth.h */ = {isa = PBXFileReference; fileEncoding = 4; lastKnownFileType = sourcecode.c.h; path = ZXPDFFontCharacterRangeWidth.h; sourceTree = "<group>"; };
		F126A93718C9D456006E5329 /* ZXPDFFontCharacterRangeWidthVertical.h */ = {isa = PBXFileReference; fileEncoding = 4; lastKnownFileType = sourcecode.c.h; path = ZXPDFFontCharacterRangeWidthVertical.h; sourceTree = "<group>"; };
		F126A93818C9D456006E5329 /* ZXPDFFontCharacterWidth.h */ = {isa = PBXFileReference; fileEncoding = 4; lastKnownFileType = sourcecode.c.h; path = ZXPDFFontCharacterWidth.h; sourceTree = "<group>"; };
		F126A93918C9D456006E5329 /* ZXPDFFontCharacterWidthVertical.h */ = {isa = PBXFileReference; fileEncoding = 4; lastKnownFileType = sourcecode.c.h; path = ZXPDFFontCharacterWidthVertical.h; sourceTree = "<group>"; };
		F126A93A18C9D456006E5329 /* ZXPDFFontCoreDataModels.h */ = {isa = PBXFileReference; fileEncoding = 4; lastKnownFileType = sourcecode.c.h; path = ZXPDFFontCoreDataModels.h; sourceTree = "<group>"; };
		F126A93B18C9D456006E5329 /* ZXPDFFontInfo+Utility.h */ = {isa = PBXFileReference; fileEncoding = 4; lastKnownFileType = sourcecode.c.h; path = "ZXPDFFontInfo+Utility.h"; sourceTree = "<group>"; };
		F126A93C18C9D456006E5329 /* ZXPDFFontInfo.h */ = {isa = PBXFileReference; fileEncoding = 4; lastKnownFileType = sourcecode.c.h; path = ZXPDFFontInfo.h; sourceTree = "<group>"; };
		F126A93D18C9D456006E5329 /* ZXPDFFontInfoMaker.h */ = {isa = PBXFileReference; fileEncoding = 4; lastKnownFileType = sourcecode.c.h; path = ZXPDFFontInfoMaker.h; sourceTree = "<group>"; };
		F126A93E18C9D456006E5329 /* ZXPDFFontParser.h */ = {isa = PBXFileReference; fileEncoding = 4; lastKnownFileType = sourcecode.c.h; path = ZXPDFFontParser.h; sourceTree = "<group>"; };
		F126A93F18C9D456006E5329 /* ZXPDFLinkAnnotation.h */ = {isa = PBXFileReference; fileEncoding = 4; lastKnownFileType = sourcecode.c.h; path = ZXPDFLinkAnnotation.h; sourceTree = "<group>"; };
		F126A94018C9D456006E5329 /* ZXPDFLocalDestination.h */ = {isa = PBXFileReference; fileEncoding = 4; lastKnownFileType = sourcecode.c.h; path = ZXPDFLocalDestination.h; sourceTree = "<group>"; };
		F126A94118C9D456006E5329 /* ZXPDFPageIndicatorDetailViewController.h */ = {isa = PBXFileReference; fileEncoding = 4; lastKnownFileType = sourcecode.c.h; path = ZXPDFPageIndicatorDetailViewController.h; sourceTree = "<group>"; };
		F126A94218C9D456006E5329 /* ZXPDFPageIndicatorViewController.h */ = {isa = PBXFileReference; fileEncoding = 4; lastKnownFileType = sourcecode.c.h; path = ZXPDFPageIndicatorViewController.h; sourceTree = "<group>"; };
		F126A94318C9D456006E5329 /* ZXPDFPageListViewCell.h */ = {isa = PBXFileReference; fileEncoding = 4; lastKnownFileType = sourcecode.c.h; path = ZXPDFPageListViewCell.h; sourceTree = "<group>"; };
		F126A94418C9D456006E5329 /* ZXPDFPageListViewController.h */ = {isa = PBXFileReference; fileEncoding = 4; lastKnownFileType = sourcecode.c.h; path = ZXPDFPageListViewController.h; sourceTree = "<group>"; };
		F126A94518C9D456006E5329 /* ZXPDFPageObject.h */ = {isa = PBXFileReference; fileEncoding = 4; lastKnownFileType = sourcecode.c.h; path = ZXPDFPageObject.h; sourceTree = "<group>"; };
		F126A94618C9D456006E5329 /* ZXPDFPageThumbnailController.h */ = {isa = PBXFileReference; fileEncoding = 4; lastKnownFileType = sourcecode.c.h; path = ZXPDFPageThumbnailController.h; sourceTree = "<group>"; };
		F126A94718C9D456006E5329 /* ZXPDFPageView.h */ = {isa = PBXFileReference; fileEncoding = 4; lastKnownFileType = sourcecode.c.h; path = ZXPDFPageView.h; sourceTree = "<group>"; };
		F126A94818C9D456006E5329 /* ZXPDFSearchCharacter+Utility.h */ = {isa = PBXFileReference; fileEncoding = 4; lastKnownFileType = sourcecode.c.h; path = "ZXPDFSearchCharacter+Utility.h"; sourceTree = "<group>"; };
		F126A94918C9D456006E5329 /* ZXPDFSearchCharacter.h */ = {isa = PBXFileReference; fileEncoding = 4; lastKnownFileType = sourcecode.c.h; path = ZXPDFSearchCharacter.h; sourceTree = "<group>"; };
		F126A94A18C9D456006E5329 /* ZXPDFSearchCoreDataModels.h */ = {isa = PBXFileReference; fileEncoding = 4; lastKnownFileType = sourcecode.c.h; path = ZXPDFSearchCoreDataModels.h; sourceTree = "<group>"; };
		F126A94B18C9D456006E5329 /* ZXPDFSearchDocument+Utility.h */ = {isa = PBXFileReference; fileEncoding = 4; lastKnownFileType = sourcecode.c.h; path = "ZXPDFSearchDocument+Utility.h"; sourceTree = "<group>"; };
		F126A94C18C9D456006E5329 /* ZXPDFSearchDocument.h */ = {isa = PBXFileReference; fileEncoding = 4; lastKnownFileType = sourcecode.c.h; path = ZXPDFSearchDocument.h; sourceTree = "<group>"; };
		F126A94D18C9D456006E5329 /* ZXPDFSearchIndex.h */ = {isa = PBXFileReference; fileEncoding = 4; lastKnownFileType = sourcecode.c.h; path = ZXPDFSearchIndex.h; sourceTree = "<group>"; };
		F126A94E18C9D456006E5329 /* ZXPDFSearchIndexMaker.h */ = {isa = PBXFileReference; fileEncoding = 4; lastKnownFileType = sourcecode.c.h; path = ZXPDFSearchIndexMaker.h; sourceTree = "<group>"; };
		F126A94F18C9D456006E5329 /* ZXPDFSearchMorpheme+Utility.h */ = {isa = PBXFileReference; fileEncoding = 4; lastKnownFileType = sourcecode.c.h; path = "ZXPDFSearchMorpheme+Utility.h"; sourceTree = "<group>"; };
		F126A95018C9D456006E5329 /* ZXPDFSearchMorpheme.h */ = {isa = PBXFileReference; fileEncoding = 4; lastKnownFileType = sourcecode.c.h; path = ZXPDFSearchMorpheme.h; sourceTree = "<group>"; };
		F126A95118C9D456006E5329 /* ZXPDFSearchPage+Utility.h */ = {isa = PBXFileReference; fileEncoding = 4; lastKnownFileType = sourcecode.c.h; path = "ZXPDFSearchPage+Utility.h"; sourceTree = "<group>"; };
		F126A95218C9D456006E5329 /* ZXPDFSearchPage.h */ = {isa = PBXFileReference; fileEncoding = 4; lastKnownFileType = sourcecode.c.h; path = ZXPDFSearchPage.h; sourceTree = "<group>"; };
		F126A95318C9D456006E5329 /* ZXPDFSearchResult.h */ = {isa = PBXFileReference; fileEncoding = 4; lastKnownFileType = sourcecode.c.h; path = ZXPDFSearchResult.h; sourceTree = "<group>"; };
		F126A95418C9D456006E5329 /* ZXPDFSearchResultController.h */ = {isa = PBXFileReference; fileEncoding = 4; lastKnownFileType = sourcecode.c.h; path = ZXPDFSearchResultController.h; sourceTree = "<group>"; };
		F126A95518C9D456006E5329 /* ZXPDFSearchResultDocument+Utility.h */ = {isa = PBXFileReference; fileEncoding = 4; lastKnownFileType = sourcecode.c.h; path = "ZXPDFSearchResultDocument+Utility.h"; sourceTree = "<group>"; };
		F126A95618C9D456006E5329 /* ZXPDFSearchResultDocument.h */ = {isa = PBXFileReference; fileEncoding = 4; lastKnownFileType = sourcecode.c.h; path = ZXPDFSearchResultDocument.h; sourceTree = "<group>"; };
		F126A95718C9D456006E5329 /* ZXPDFSearchResultPage+Utility.h */ = {isa = PBXFileReference; fileEncoding = 4; lastKnownFileType = sourcecode.c.h; path = "ZXPDFSearchResultPage+Utility.h"; sourceTree = "<group>"; };
		F126A95818C9D456006E5329 /* ZXPDFSearchResultPage.h */ = {isa = PBXFileReference; fileEncoding = 4; lastKnownFileType = sourcecode.c.h; path = ZXPDFSearchResultPage.h; sourceTree = "<group>"; };
		F126A95918C9D456006E5329 /* ZXPDFSearchViewController.h */ = {isa = PBXFileReference; fileEncoding = 4; lastKnownFileType = sourcecode.c.h; path = ZXPDFSearchViewController.h; sourceTree = "<group>"; };
		F126A95A18C9D456006E5329 /* ZXPDFSearchViewControllerResultViewCell.h */ = {isa = PBXFileReference; fileEncoding = 4; lastKnownFileType = sourcecode.c.h; path = ZXPDFSearchViewControllerResultViewCell.h; sourceTree = "<group>"; };
		F126A95B18C9D456006E5329 /* ZXPDFSearchWord+Utility.h */ = {isa = PBXFileReference; fileEncoding = 4; lastKnownFileType = sourcecode.c.h; path = "ZXPDFSearchWord+Utility.h"; sourceTree = "<group>"; };
		F126A95C18C9D456006E5329 /* ZXPDFSearchWord.h */ = {isa = PBXFileReference; fileEncoding = 4; lastKnownFileType = sourcecode.c.h; path = ZXPDFSearchWord.h; sourceTree = "<group>"; };
		F126A95D18C9D456006E5329 /* ZXPDFTextExtractor.h */ = {isa = PBXFileReference; fileEncoding = 4; lastKnownFileType = sourcecode.c.h; path = ZXPDFTextExtractor.h; sourceTree = "<group>"; };
		F126A95E18C9D456006E5329 /* ZXPDFTextPositionState.h */ = {isa = PBXFileReference; fileEncoding = 4; lastKnownFileType = sourcecode.c.h; path = ZXPDFTextPositionState.h; sourceTree = "<group>"; };
		F126A95F18C9D456006E5329 /* ZXPDFViewController.h */ = {isa = PBXFileReference; fileEncoding = 4; lastKnownFileType = sourcecode.c.h; path = ZXPDFViewController.h; sourceTree = "<group>"; };
		F126A96218C9D456006E5329 /* en */ = {isa = PBXFileReference; lastKnownFileType = text.plist.strings; name = en; path = en.lproj/ZXPDFViewer.strings; sourceTree = "<group>"; };
		F126A96318C9D456006E5329 /* ja */ = {isa = PBXFileReference; lastKnownFileType = text.plist.strings; name = ja; path = ja.lproj/ZXPDFViewer.strings; sourceTree = "<group>"; };
		F126A96418C9D456006E5329 /* ZXPDFPageIndicatorDetailViewController.xib */ = {isa = PBXFileReference; fileEncoding = 4; lastKnownFileType = file.xib; path = ZXPDFPageIndicatorDetailViewController.xib; sourceTree = "<group>"; };
		F126A96518C9D456006E5329 /* ZXPDFPageIndicatorViewController.xib */ = {isa = PBXFileReference; fileEncoding = 4; lastKnownFileType = file.xib; path = ZXPDFPageIndicatorViewController.xib; sourceTree = "<group>"; };
		F126A96618C9D456006E5329 /* ZXPDFPageListViewCell.xib */ = {isa = PBXFileReference; fileEncoding = 4; lastKnownFileType = file.xib; path = ZXPDFPageListViewCell.xib; sourceTree = "<group>"; };
		F126A96718C9D456006E5329 /* ZXPDFSearchViewController.xib */ = {isa = PBXFileReference; fileEncoding = 4; lastKnownFileType = file.xib; path = ZXPDFSearchViewController.xib; sourceTree = "<group>"; };
		F126A96818C9D456006E5329 /* ZXPDFSearchViewControllerResultViewCell.xib */ = {isa = PBXFileReference; fileEncoding = 4; lastKnownFileType = file.xib; path = ZXPDFSearchViewControllerResultViewCell.xib; sourceTree = "<group>"; };
		F126A96918C9D456006E5329 /* ZXPDFViewController-left.png */ = {isa = PBXFileReference; lastKnownFileType = image.png; path = "ZXPDFViewController-left.png"; sourceTree = "<group>"; };
		F126A96A18C9D456006E5329 /* ZXPDFViewController-link_button_highlighted.png */ = {isa = PBXFileReference; lastKnownFileType = image.png; path = "ZXPDFViewController-link_button_highlighted.png"; sourceTree = "<group>"; };
		F126A96B18C9D456006E5329 /* ZXPDFViewController-link_button_normal.png */ = {isa = PBXFileReference; lastKnownFileType = image.png; path = "ZXPDFViewController-link_button_normal.png"; sourceTree = "<group>"; };
		F126A96C18C9D456006E5329 /* ZXPDFViewController-list_bg.png */ = {isa = PBXFileReference; lastKnownFileType = image.png; path = "ZXPDFViewController-list_bg.png"; sourceTree = "<group>"; };
		F126A96D18C9D456006E5329 /* ZXPDFViewController-mokuji.png */ = {isa = PBXFileReference; lastKnownFileType = image.png; path = "ZXPDFViewController-mokuji.png"; sourceTree = "<group>"; };
		F126A96E18C9D456006E5329 /* ZXPDFViewController-right.png */ = {isa = PBXFileReference; lastKnownFileType = image.png; path = "ZXPDFViewController-right.png"; sourceTree = "<group>"; };
		F126A96F18C9D456006E5329 /* ZXPDFViewController.xib */ = {isa = PBXFileReference; fileEncoding = 4; lastKnownFileType = file.xib; path = ZXPDFViewController.xib; sourceTree = "<group>"; };
		F126A97118C9D456006E5329 /* ZXCanvasDrawSettingViewController.h */ = {isa = PBXFileReference; fileEncoding = 4; lastKnownFileType = sourcecode.c.h; path = ZXCanvasDrawSettingViewController.h; sourceTree = "<group>"; };
		F126A97218C9D456006E5329 /* ZXCanvasEraseSettingViewController.h */ = {isa = PBXFileReference; fileEncoding = 4; lastKnownFileType = sourcecode.c.h; path = ZXCanvasEraseSettingViewController.h; sourceTree = "<group>"; };
		F126A97318C9D456006E5329 /* ZXCanvasLineWidthViewController.h */ = {isa = PBXFileReference; fileEncoding = 4; lastKnownFileType = sourcecode.c.h; path = ZXCanvasLineWidthViewController.h; sourceTree = "<group>"; };
		F126A97418C9D456006E5329 /* ZXCanvasView.h */ = {isa = PBXFileReference; fileEncoding = 4; lastKnownFileType = sourcecode.c.h; path = ZXCanvasView.h; sourceTree = "<group>"; };
		F126A97518C9D456006E5329 /* ZXCanvasViewController.h */ = {isa = PBXFileReference; fileEncoding = 4; lastKnownFileType = sourcecode.c.h; path = ZXCanvasViewController.h; sourceTree = "<group>"; };
		F126A97618C9D456006E5329 /* ZXColorTableViewController.h */ = {isa = PBXFileReference; fileEncoding = 4; lastKnownFileType = sourcecode.c.h; path = ZXColorTableViewController.h; sourceTree = "<group>"; };
		F126A97718C9D456006E5329 /* ZXCoreDataRepresentationBase.h */ = {isa = PBXFileReference; fileEncoding = 4; lastKnownFileType = sourcecode.c.h; path = ZXCoreDataRepresentationBase.h; sourceTree = "<group>"; };
		F126A97818C9D456006E5329 /* ZXCoWorker.h */ = {isa = PBXFileReference; fileEncoding = 4; lastKnownFileType = sourcecode.c.h; path = ZXCoWorker.h; sourceTree = "<group>"; };
		F126A97918C9D456006E5329 /* ZXDebugMacros.h */ = {isa = PBXFileReference; fileEncoding = 4; lastKnownFileType = sourcecode.c.h; path = ZXDebugMacros.h; sourceTree = "<group>"; };
		F126A97A18C9D456006E5329 /* ZXDrawGestureRecognizer.h */ = {isa = PBXFileReference; fileEncoding = 4; lastKnownFileType = sourcecode.c.h; path = ZXDrawGestureRecognizer.h; sourceTree = "<group>"; };
		F126A97B18C9D456006E5329 /* ZXDynamicPropertyHelper.h */ = {isa = PBXFileReference; fileEncoding = 4; lastKnownFileType = sourcecode.c.h; path = ZXDynamicPropertyHelper.h; sourceTree = "<group>"; };
		F126A97C18C9D456006E5329 /* ZXExternalDisplayViewController.h */ = {isa = PBXFileReference; fileEncoding = 4; lastKnownFileType = sourcecode.c.h; path = ZXExternalDisplayViewController.h; sourceTree = "<group>"; };
		F126A97D18C9D456006E5329 /* ZXGroupView.h */ = {isa = PBXFileReference; fileEncoding = 4; lastKnownFileType = sourcecode.c.h; path = ZXGroupView.h; sourceTree = "<group>"; };
		F126A97E18C9D456006E5329 /* ZXLabelledTableViewCell.h */ = {isa = PBXFileReference; fileEncoding = 4; lastKnownFileType = sourcecode.c.h; path = ZXLabelledTableViewCell.h; sourceTree = "<group>"; };
		F126A97F18C9D456006E5329 /* ZXLazyLoadingImageView.h */ = {isa = PBXFileReference; fileEncoding = 4; lastKnownFileType = sourcecode.c.h; path = ZXLazyLoadingImageView.h; sourceTree = "<group>"; };
		F126A98018C9D456006E5329 /* ZXLoadingIndicatorView.h */ = {isa = PBXFileReference; fileEncoding = 4; lastKnownFileType = sourcecode.c.h; path = ZXLoadingIndicatorView.h; sourceTree = "<group>"; };
		F126A98118C9D456006E5329 /* ZXSimpleQueue.h */ = {isa = PBXFileReference; fileEncoding = 4; lastKnownFileType = sourcecode.c.h; path = ZXSimpleQueue.h; sourceTree = "<group>"; };
		F126A98218C9D456006E5329 /* ZXSliderViewController.h */ = {isa = PBXFileReference; fileEncoding = 4; lastKnownFileType = sourcecode.c.h; path = ZXSliderViewController.h; sourceTree = "<group>"; };
		F126A98318C9D456006E5329 /* ZXSplashScreen.h */ = {isa = PBXFileReference; fileEncoding = 4; lastKnownFileType = sourcecode.c.h; path = ZXSplashScreen.h; sourceTree = "<group>"; };
		F126A98418C9D456006E5329 /* ZXSplashScreenViewController.h */ = {isa = PBXFileReference; fileEncoding = 4; lastKnownFileType = sourcecode.c.h; path = ZXSplashScreenViewController.h; sourceTree = "<group>"; };
		F126A98518C9D456006E5329 /* ZXURLUtility.h */ = {isa = PBXFileReference; fileEncoding = 4; lastKnownFileType = sourcecode.c.h; path = ZXURLUtility.h; sourceTree = "<group>"; };
		F126A98618C9D456006E5329 /* ZXUtility.h */ = {isa = PBXFileReference; fileEncoding = 4; lastKnownFileType = sourcecode.c.h; path = ZXUtility.h; sourceTree = "<group>"; };
		F126A98918C9D456006E5329 /* en */ = {isa = PBXFileReference; lastKnownFileType = text.plist.strings; name = en; path = en.lproj/ZXUtilities.strings; sourceTree = "<group>"; };
		F126A98A18C9D456006E5329 /* ja */ = {isa = PBXFileReference; lastKnownFileType = text.plist.strings; name = ja; path = ja.lproj/ZXUtilities.strings; sourceTree = "<group>"; };
		F126A98B18C9D456006E5329 /* ZXCanvasDrawSettingViewController.xib */ = {isa = PBXFileReference; fileEncoding = 4; lastKnownFileType = file.xib; path = ZXCanvasDrawSettingViewController.xib; sourceTree = "<group>"; };
		F126A98C18C9D456006E5329 /* ZXCanvasEraseSettingViewController.xib */ = {isa = PBXFileReference; fileEncoding = 4; lastKnownFileType = file.xib; path = ZXCanvasEraseSettingViewController.xib; sourceTree = "<group>"; };
		F126A98D18C9D456006E5329 /* ZXCanvasLineWidthViewController.xib */ = {isa = PBXFileReference; fileEncoding = 4; lastKnownFileType = file.xib; path = ZXCanvasLineWidthViewController.xib; sourceTree = "<group>"; };
		F126A98E18C9D456006E5329 /* ZXCanvasViewController-clear-button-bg.png */ = {isa = PBXFileReference; lastKnownFileType = image.png; path = "ZXCanvasViewController-clear-button-bg.png"; sourceTree = "<group>"; };
		F126A98F18C9D456006E5329 /* ZXCanvasViewController-eraser.png */ = {isa = PBXFileReference; lastKnownFileType = image.png; path = "ZXCanvasViewController-eraser.png"; sourceTree = "<group>"; };
		F126A99018C9D456006E5329 /* ZXCanvasViewController-pen.png */ = {isa = PBXFileReference; lastKnownFileType = image.png; path = "ZXCanvasViewController-pen.png"; sourceTree = "<group>"; };
		F126A99118C9D456006E5329 /* ZXCanvasViewController-redo.png */ = {isa = PBXFileReference; lastKnownFileType = image.png; path = "ZXCanvasViewController-redo.png"; sourceTree = "<group>"; };
		F126A99218C9D456006E5329 /* ZXCanvasViewController-sliderL.png */ = {isa = PBXFileReference; lastKnownFileType = image.png; path = "ZXCanvasViewController-sliderL.png"; sourceTree = "<group>"; };
		F126A99318C9D456006E5329 /* ZXCanvasViewController-sliderS.png */ = {isa = PBXFileReference; lastKnownFileType = image.png; path = "ZXCanvasViewController-sliderS.png"; sourceTree = "<group>"; };
		F126A99418C9D456006E5329 /* ZXCanvasViewController-undo.png */ = {isa = PBXFileReference; lastKnownFileType = image.png; path = "ZXCanvasViewController-undo.png"; sourceTree = "<group>"; };
		F126A99518C9D456006E5329 /* ZXCanvasViewController.xib */ = {isa = PBXFileReference; fileEncoding = 4; lastKnownFileType = file.xib; path = ZXCanvasViewController.xib; sourceTree = "<group>"; };
		F126A99618C9D456006E5329 /* ZXExternalDisplayViewController.xib */ = {isa = PBXFileReference; fileEncoding = 4; lastKnownFileType = file.xib; path = ZXExternalDisplayViewController.xib; sourceTree = "<group>"; };
		F126A99718C9D456006E5329 /* ZXExternalDisplayViewPointer.png */ = {isa = PBXFileReference; lastKnownFileType = image.png; path = ZXExternalDisplayViewPointer.png; sourceTree = "<group>"; };
		F126A99818C9D456006E5329 /* ZXSliderViewController.xib */ = {isa = PBXFileReference; fileEncoding = 4; lastKnownFileType = file.xib; path = ZXSliderViewController.xib; sourceTree = "<group>"; };
		F126A99918C9D46F006E5329 /* ZXingWidget.xcodeproj */ = {isa = PBXFileReference; lastKnownFileType = "wrapper.pb-project"; name = ZXingWidget.xcodeproj; path = dependencies/iphone/ZXingWidget/ZXingWidget.xcodeproj; sourceTree = SOURCE_ROOT; };
		F126A9C718C9F384006E5329 /* libZXPDFViewer.a */ = {isa = PBXFileReference; lastKnownFileType = archive.ar; name = libZXPDFViewer.a; path = dependencies/libZXPDFViewer/libZXPDFViewer.a; sourceTree = "<group>"; };
/* End PBXFileReference section */

/* Begin PBXFrameworksBuildPhase section */
		F126A86418C9D2CF006E5329 /* Frameworks */ = {
			isa = PBXFrameworksBuildPhase;
			buildActionMask = 2147483647;
			files = (
				F1ADE3C818CA0C8300ED10C2 /* libZXPDFViewer.a in Frameworks */,
				F126A9A418C9D487006E5329 /* libZXingWidget.a in Frameworks */,
				F126A86B18C9D2CF006E5329 /* Foundation.framework in Frameworks */,
			);
			runOnlyForDeploymentPostprocessing = 0;
		};
		F126A87418C9D2CF006E5329 /* Frameworks */ = {
			isa = PBXFrameworksBuildPhase;
			buildActionMask = 2147483647;
			files = (
				F126A87918C9D2CF006E5329 /* XCTest.framework in Frameworks */,
				F126A87C18C9D2CF006E5329 /* UIKit.framework in Frameworks */,
				F126A87A18C9D2CF006E5329 /* Foundation.framework in Frameworks */,
				F126A87F18C9D2CF006E5329 /* libDynamicApp.a in Frameworks */,
			);
			runOnlyForDeploymentPostprocessing = 0;
		};
/* End PBXFrameworksBuildPhase section */

/* Begin PBXGroup section */
		F126A85E18C9D2CF006E5329 = {
			isa = PBXGroup;
			children = (
				F126A86C18C9D2CF006E5329 /* DynamicApp */,
				F126A88018C9D2CF006E5329 /* DynamicAppTests */,
				F126A86918C9D2CF006E5329 /* Frameworks */,
				F126A86818C9D2CF006E5329 /* Products */,
			);
			sourceTree = "<group>";
		};
		F126A86818C9D2CF006E5329 /* Products */ = {
			isa = PBXGroup;
			children = (
				F126A86718C9D2CF006E5329 /* libDynamicApp.a */,
				F126A87718C9D2CF006E5329 /* DynamicAppTests.xctest */,
			);
			name = Products;
			sourceTree = "<group>";
		};
		F126A86918C9D2CF006E5329 /* Frameworks */ = {
			isa = PBXGroup;
			children = (
				F126A9C718C9F384006E5329 /* libZXPDFViewer.a */,
				F126A86A18C9D2CF006E5329 /* Foundation.framework */,
				F126A87818C9D2CF006E5329 /* XCTest.framework */,
				F126A87B18C9D2CF006E5329 /* UIKit.framework */,
			);
			name = Frameworks;
			sourceTree = "<group>";
		};
		F126A86C18C9D2CF006E5329 /* DynamicApp */ = {
			isa = PBXGroup;
			children = (
				F126A91618C9D434006E5329 /* Dependencies */,
				F126A89018C9D32A006E5329 /* Classes */,
				F126A86D18C9D2CF006E5329 /* Supporting Files */,
			);
			path = DynamicApp;
			sourceTree = "<group>";
		};
		F126A86D18C9D2CF006E5329 /* Supporting Files */ = {
			isa = PBXGroup;
			children = (
				F126A86E18C9D2CF006E5329 /* DynamicApp-Prefix.pch */,
			);
			name = "Supporting Files";
			sourceTree = "<group>";
		};
		F126A88018C9D2CF006E5329 /* DynamicAppTests */ = {
			isa = PBXGroup;
			children = (
				F126A88618C9D2CF006E5329 /* DynamicAppTests.m */,
				F126A88118C9D2CF006E5329 /* Supporting Files */,
			);
			path = DynamicAppTests;
			sourceTree = "<group>";
		};
		F126A88118C9D2CF006E5329 /* Supporting Files */ = {
			isa = PBXGroup;
			children = (
				F126A88218C9D2CF006E5329 /* DynamicAppTests-Info.plist */,
				F126A88318C9D2CF006E5329 /* InfoPlist.strings */,
			);
			name = "Supporting Files";
			sourceTree = "<group>";
		};
		F126A89018C9D32A006E5329 /* Classes */ = {
			isa = PBXGroup;
			children = (
				F126A89118C9D32A006E5329 /* Ad.h */,
				F126A89218C9D32A006E5329 /* Ad.m */,
				F126A89318C9D32A006E5329 /* AddressBook.h */,
				F126A89418C9D32A006E5329 /* AddressBook.m */,
				F126A89518C9D32A006E5329 /* AppVersion.h */,
				F126A89618C9D32A006E5329 /* AppVersion.m */,
				F126A89718C9D32A006E5329 /* Bluetooth.h */,
				F126A89818C9D32A006E5329 /* Bluetooth.m */,
				F126A89918C9D32A006E5329 /* Bluetooth4LE.h */,
				F126A89A18C9D32A006E5329 /* Bluetooth4LE.m */,
				F126A89B18C9D32A006E5329 /* Cache.h */,
				F126A89C18C9D32A006E5329 /* Cache.m */,
				F126A89D18C9D32A006E5329 /* Camera.h */,
				F126A89E18C9D32A006E5329 /* Camera.m */,
				F126A89F18C9D32A006E5329 /* Contacts.h */,
				F126A8A018C9D32A006E5329 /* Contacts.m */,
				F126A8A118C9D32A006E5329 /* cppdefine.h */,
				F126A8A218C9D32A006E5329 /* Database.h */,
				F126A8A318C9D32A006E5329 /* Database.m */,
				F126A8A418C9D32A006E5329 /* define.h */,
				F126A8A518C9D32A006E5329 /* DynamicAppDelegate.h */,
				F126A8A618C9D32A006E5329 /* DynamicAppDelegate.m */,
				F126A8A718C9D32A006E5329 /* DynamicAppPlugin.h */,
				F126A8A818C9D32A006E5329 /* DynamicAppPlugin.m */,
				F126A8A918C9D32A006E5329 /* DynamicAppViewController.h */,
				F126A8AA18C9D32A006E5329 /* DynamicAppViewController.m */,
				F126A8AB18C9D32A006E5329 /* QRReader.h */,
				F126A8AD18C9D32A006E5329 /* Encryptor.h */,
				F126A8AE18C9D32A006E5329 /* Encryptor.m */,
				F126A8AF18C9D32A006E5329 /* File.h */,
				F126A8B018C9D32A006E5329 /* File.m */,
				F126A8B118C9D32A006E5329 /* FileEncryptor.cpp */,
				F126A8B218C9D32A006E5329 /* FileEncryptor.h */,
				F126A8B318C9D32A006E5329 /* ImageDecrypt.h */,
				F126A8B418C9D32A006E5329 /* ImageDecrypt.mm */,
				F126A8B618C9D32A006E5329 /* KeychainHelper.h */,
				F126A8B718C9D32A006E5329 /* KeychainHelper.m */,
				F126A8B818C9D32A006E5329 /* LoadingScreen.h */,
				F126A8B918C9D32A006E5329 /* LoadingScreen.m */,
				F126A8BA18C9D32A006E5329 /* md5.c */,
				F126A8BB18C9D32A006E5329 /* md5.h */,
				F126A8BC18C9D32A006E5329 /* Movie.h */,
				F126A8BD18C9D32A006E5329 /* Movie.m */,
				F126A8BE18C9D32A006E5329 /* Notification.h */,
				F126A8BF18C9D32A006E5329 /* Notification.m */,
				F126A8C018C9D32A006E5329 /* NSData+Base64.h */,
				F126A8C118C9D32A006E5329 /* NSData+Base64.m */,
				F126A8C218C9D32A006E5329 /* OtherControllers */,
				F126A8C518C9D32A006E5329 /* PDFViewer.h */,
				F126A8C618C9D32A006E5329 /* PDFViewer.m */,
				F126A8C718C9D32A006E5329 /* PluginResult.h */,
				F126A8C818C9D32A006E5329 /* PluginResult.m */,
				F126A8C918C9D32A006E5329 /* QRReader.mm */,
				F126A8CA18C9D32A006E5329 /* random.c */,
				F126A8CB18C9D32A006E5329 /* random.h */,
				F126A8CC18C9D32A006E5329 /* Shortcut.h */,
				F126A8CD18C9D32A006E5329 /* Shortcut.m */,
				F126A8CE18C9D32A006E5329 /* Sound.h */,
				F126A8CF18C9D32A006E5329 /* Sound.m */,
				F126A8D018C9D32A006E5329 /* UrlCommand.h */,
				F126A8D118C9D32A006E5329 /* UrlCommand.m */,
				F126A8D218C9D32A006E5329 /* UUIDHelper.h */,
				F126A8D318C9D32A006E5329 /* UUIDHelper.m */,
				F126A8D418C9D32A006E5329 /* vFile.cpp */,
				F126A8D518C9D32A006E5329 /* vFile.h */,
				F126A8D618C9D32A006E5329 /* ViewControllers */,
				F126A8D918C9D32A006E5329 /* Views */,
				F126A8DC18C9D32A006E5329 /* ZipArchive */,
				F126A8E918C9D32A006E5329 /* ZXUtilities */,
			);
			path = Classes;
			sourceTree = "<group>";
		};
		F126A8C218C9D32A006E5329 /* OtherControllers */ = {
			isa = PBXGroup;
			children = (
				F126A8C318C9D32A006E5329 /* DownloadConttroller.h */,
				F126A8C418C9D32A006E5329 /* DownloadConttroller.m */,
			);
			path = OtherControllers;
			sourceTree = "<group>";
		};
		F126A8D618C9D32A006E5329 /* ViewControllers */ = {
			isa = PBXGroup;
			children = (
				F126A8D718C9D32A006E5329 /* DynamicAppSplashViewController.h */,
				F126A8D818C9D32A006E5329 /* DynamicAppSplashViewController.m */,
			);
			path = ViewControllers;
			sourceTree = "<group>";
		};
		F126A8D918C9D32A006E5329 /* Views */ = {
			isa = PBXGroup;
			children = (
				F126A8DA18C9D32A006E5329 /* LoadingView.h */,
				F126A8DB18C9D32A006E5329 /* LoadingView.m */,
			);
			path = Views;
			sourceTree = "<group>";
		};
		F126A8DC18C9D32A006E5329 /* ZipArchive */ = {
			isa = PBXGroup;
			children = (
				F126A8DD18C9D32A006E5329 /* minizip */,
				F126A8E718C9D32A006E5329 /* ZipArchive.h */,
				F126A8E818C9D32A006E5329 /* ZipArchive.mm */,
			);
			path = ZipArchive;
			sourceTree = "<group>";
		};
		F126A8DD18C9D32A006E5329 /* minizip */ = {
			isa = PBXGroup;
			children = (
				F126A8DE18C9D32A006E5329 /* crypt.h */,
				F126A8DF18C9D32A006E5329 /* ioapi.c */,
				F126A8E018C9D32A006E5329 /* ioapi.h */,
				F126A8E118C9D32A006E5329 /* mztools.c */,
				F126A8E218C9D32A006E5329 /* mztools.h */,
				F126A8E318C9D32A006E5329 /* unzip.c */,
				F126A8E418C9D32A006E5329 /* unzip.h */,
				F126A8E518C9D32A006E5329 /* zip.c */,
				F126A8E618C9D32A006E5329 /* zip.h */,
			);
			path = minizip;
			sourceTree = "<group>";
		};
		F126A8E918C9D32A006E5329 /* ZXUtilities */ = {
			isa = PBXGroup;
			children = (
				F126A8EA18C9D32A006E5329 /* ZXUtility.h */,
				F126A8EB18C9D32A006E5329 /* ZXUtility.m */,
			);
			path = ZXUtilities;
			sourceTree = "<group>";
		};
		F126A91618C9D434006E5329 /* Dependencies */ = {
			isa = PBXGroup;
			children = (
				F126A99918C9D46F006E5329 /* ZXingWidget.xcodeproj */,
				F126A91718C9D456006E5329 /* ZXMecabRepresentationHeaders */,
				F126A91B18C9D456006E5329 /* ZXPDFViewerData.bundle */,
				F126A91C18C9D456006E5329 /* ZXPDFViewerHeaders */,
				F126A96018C9D456006E5329 /* ZXPDFViewerResources */,
				F126A97018C9D456006E5329 /* ZXUtilitiesHeaders */,
				F126A98718C9D456006E5329 /* ZXUtilitiesResources */,
			);
			name = Dependencies;
			sourceTree = "<group>";
		};
		F126A91718C9D456006E5329 /* ZXMecabRepresentationHeaders */ = {
			isa = PBXGroup;
			children = (
				F126A91818C9D456006E5329 /* mecab.h */,
				F126A91918C9D456006E5329 /* ZXMecabNode.h */,
				F126A91A18C9D456006E5329 /* ZXMecabParser.h */,
			);
			name = ZXMecabRepresentationHeaders;
			path = dependencies/libZXPDFViewer/ZXMecabRepresentationHeaders;
			sourceTree = SOURCE_ROOT;
		};
		F126A91C18C9D456006E5329 /* ZXPDFViewerHeaders */ = {
			isa = PBXGroup;
			children = (
				F126A91D18C9D456006E5329 /* NSObject+ZXPDFObjectConverter.h */,
				F126A91E18C9D456006E5329 /* ZXPDFCanvasViewController.h */,
				F126A91F18C9D456006E5329 /* ZXPDFCatalogScanner.h */,
				F126A92018C9D456006E5329 /* ZXPDFCMap+Utility.h */,
				F126A92118C9D456006E5329 /* ZXPDFCMap.h */,
				F126A92218C9D456006E5329 /* ZXPDFCMapCIDMap.h */,
				F126A92318C9D456006E5329 /* ZXPDFCMapCIDRangeMap.h */,
				F126A92418C9D456006E5329 /* ZXPDFCMapCodespaceRange.h */,
				F126A92518C9D456006E5329 /* ZXPDFCMapCoreDataModels.h */,
				F126A92618C9D456006E5329 /* ZXPDFCMapDefinition.h */,
				F126A92718C9D456006E5329 /* ZXPDFCMapEntryMaker.h */,
				F126A92818C9D456006E5329 /* ZXPDFCMapFileParser.h */,
				F126A92918C9D456006E5329 /* ZXPDFCMapParser.h */,
				F126A92A18C9D456006E5329 /* ZXPDFCMapStreamParser.h */,
				F126A92B18C9D456006E5329 /* ZXPDFCMapToUnicodeStreamParser.h */,
				F126A92C18C9D456006E5329 /* ZXPDFCMapUnicodeMap.h */,
				F126A92D18C9D456006E5329 /* ZXPDFCMapUnicodeRangeMap.h */,
				F126A92E18C9D456006E5329 /* ZXPDFConstants.h */,
				F126A92F18C9D456006E5329 /* ZXPDFDictionaryScanner.h */,
				F126A93018C9D456006E5329 /* ZXPDFDocumentObject.h */,
				F126A93118C9D456006E5329 /* ZXPDFDocumentView.h */,
				F126A93218C9D456006E5329 /* ZXPDFDocumentViewHardPageFlipAnimator.h */,
				F126A93318C9D456006E5329 /* ZXPDFDocumentViewLinearPageAnimator.h */,
				F126A93418C9D456006E5329 /* ZXPDFDocumentViewPageAnimation.h */,
				F126A93518C9D456006E5329 /* ZXPDFDocumentViewSimplePageAnimator.h */,
				F126A93618C9D456006E5329 /* ZXPDFFontCharacterRangeWidth.h */,
				F126A93718C9D456006E5329 /* ZXPDFFontCharacterRangeWidthVertical.h */,
				F126A93818C9D456006E5329 /* ZXPDFFontCharacterWidth.h */,
				F126A93918C9D456006E5329 /* ZXPDFFontCharacterWidthVertical.h */,
				F126A93A18C9D456006E5329 /* ZXPDFFontCoreDataModels.h */,
				F126A93B18C9D456006E5329 /* ZXPDFFontInfo+Utility.h */,
				F126A93C18C9D456006E5329 /* ZXPDFFontInfo.h */,
				F126A93D18C9D456006E5329 /* ZXPDFFontInfoMaker.h */,
				F126A93E18C9D456006E5329 /* ZXPDFFontParser.h */,
				F126A93F18C9D456006E5329 /* ZXPDFLinkAnnotation.h */,
				F126A94018C9D456006E5329 /* ZXPDFLocalDestination.h */,
				F126A94118C9D456006E5329 /* ZXPDFPageIndicatorDetailViewController.h */,
				F126A94218C9D456006E5329 /* ZXPDFPageIndicatorViewController.h */,
				F126A94318C9D456006E5329 /* ZXPDFPageListViewCell.h */,
				F126A94418C9D456006E5329 /* ZXPDFPageListViewController.h */,
				F126A94518C9D456006E5329 /* ZXPDFPageObject.h */,
				F126A94618C9D456006E5329 /* ZXPDFPageThumbnailController.h */,
				F126A94718C9D456006E5329 /* ZXPDFPageView.h */,
				F126A94818C9D456006E5329 /* ZXPDFSearchCharacter+Utility.h */,
				F126A94918C9D456006E5329 /* ZXPDFSearchCharacter.h */,
				F126A94A18C9D456006E5329 /* ZXPDFSearchCoreDataModels.h */,
				F126A94B18C9D456006E5329 /* ZXPDFSearchDocument+Utility.h */,
				F126A94C18C9D456006E5329 /* ZXPDFSearchDocument.h */,
				F126A94D18C9D456006E5329 /* ZXPDFSearchIndex.h */,
				F126A94E18C9D456006E5329 /* ZXPDFSearchIndexMaker.h */,
				F126A94F18C9D456006E5329 /* ZXPDFSearchMorpheme+Utility.h */,
				F126A95018C9D456006E5329 /* ZXPDFSearchMorpheme.h */,
				F126A95118C9D456006E5329 /* ZXPDFSearchPage+Utility.h */,
				F126A95218C9D456006E5329 /* ZXPDFSearchPage.h */,
				F126A95318C9D456006E5329 /* ZXPDFSearchResult.h */,
				F126A95418C9D456006E5329 /* ZXPDFSearchResultController.h */,
				F126A95518C9D456006E5329 /* ZXPDFSearchResultDocument+Utility.h */,
				F126A95618C9D456006E5329 /* ZXPDFSearchResultDocument.h */,
				F126A95718C9D456006E5329 /* ZXPDFSearchResultPage+Utility.h */,
				F126A95818C9D456006E5329 /* ZXPDFSearchResultPage.h */,
				F126A95918C9D456006E5329 /* ZXPDFSearchViewController.h */,
				F126A95A18C9D456006E5329 /* ZXPDFSearchViewControllerResultViewCell.h */,
				F126A95B18C9D456006E5329 /* ZXPDFSearchWord+Utility.h */,
				F126A95C18C9D456006E5329 /* ZXPDFSearchWord.h */,
				F126A95D18C9D456006E5329 /* ZXPDFTextExtractor.h */,
				F126A95E18C9D456006E5329 /* ZXPDFTextPositionState.h */,
				F126A95F18C9D456006E5329 /* ZXPDFViewController.h */,
			);
			name = ZXPDFViewerHeaders;
			path = dependencies/libZXPDFViewer/ZXPDFViewerHeaders;
			sourceTree = SOURCE_ROOT;
		};
		F126A96018C9D456006E5329 /* ZXPDFViewerResources */ = {
			isa = PBXGroup;
			children = (
				F126A96118C9D456006E5329 /* ZXPDFViewer.strings */,
				F126A96418C9D456006E5329 /* ZXPDFPageIndicatorDetailViewController.xib */,
				F126A96518C9D456006E5329 /* ZXPDFPageIndicatorViewController.xib */,
				F126A96618C9D456006E5329 /* ZXPDFPageListViewCell.xib */,
				F126A96718C9D456006E5329 /* ZXPDFSearchViewController.xib */,
				F126A96818C9D456006E5329 /* ZXPDFSearchViewControllerResultViewCell.xib */,
				F126A96918C9D456006E5329 /* ZXPDFViewController-left.png */,
				F126A96A18C9D456006E5329 /* ZXPDFViewController-link_button_highlighted.png */,
				F126A96B18C9D456006E5329 /* ZXPDFViewController-link_button_normal.png */,
				F126A96C18C9D456006E5329 /* ZXPDFViewController-list_bg.png */,
				F126A96D18C9D456006E5329 /* ZXPDFViewController-mokuji.png */,
				F126A96E18C9D456006E5329 /* ZXPDFViewController-right.png */,
				F126A96F18C9D456006E5329 /* ZXPDFViewController.xib */,
			);
			name = ZXPDFViewerResources;
			path = dependencies/libZXPDFViewer/ZXPDFViewerResources;
			sourceTree = SOURCE_ROOT;
		};
		F126A97018C9D456006E5329 /* ZXUtilitiesHeaders */ = {
			isa = PBXGroup;
			children = (
				F126A97118C9D456006E5329 /* ZXCanvasDrawSettingViewController.h */,
				F126A97218C9D456006E5329 /* ZXCanvasEraseSettingViewController.h */,
				F126A97318C9D456006E5329 /* ZXCanvasLineWidthViewController.h */,
				F126A97418C9D456006E5329 /* ZXCanvasView.h */,
				F126A97518C9D456006E5329 /* ZXCanvasViewController.h */,
				F126A97618C9D456006E5329 /* ZXColorTableViewController.h */,
				F126A97718C9D456006E5329 /* ZXCoreDataRepresentationBase.h */,
				F126A97818C9D456006E5329 /* ZXCoWorker.h */,
				F126A97918C9D456006E5329 /* ZXDebugMacros.h */,
				F126A97A18C9D456006E5329 /* ZXDrawGestureRecognizer.h */,
				F126A97B18C9D456006E5329 /* ZXDynamicPropertyHelper.h */,
				F126A97C18C9D456006E5329 /* ZXExternalDisplayViewController.h */,
				F126A97D18C9D456006E5329 /* ZXGroupView.h */,
				F126A97E18C9D456006E5329 /* ZXLabelledTableViewCell.h */,
				F126A97F18C9D456006E5329 /* ZXLazyLoadingImageView.h */,
				F126A98018C9D456006E5329 /* ZXLoadingIndicatorView.h */,
				F126A98118C9D456006E5329 /* ZXSimpleQueue.h */,
				F126A98218C9D456006E5329 /* ZXSliderViewController.h */,
				F126A98318C9D456006E5329 /* ZXSplashScreen.h */,
				F126A98418C9D456006E5329 /* ZXSplashScreenViewController.h */,
				F126A98518C9D456006E5329 /* ZXURLUtility.h */,
				F126A98618C9D456006E5329 /* ZXUtility.h */,
			);
			name = ZXUtilitiesHeaders;
			path = dependencies/libZXPDFViewer/ZXUtilitiesHeaders;
			sourceTree = SOURCE_ROOT;
		};
		F126A98718C9D456006E5329 /* ZXUtilitiesResources */ = {
			isa = PBXGroup;
			children = (
				F126A98818C9D456006E5329 /* ZXUtilities.strings */,
				F126A98B18C9D456006E5329 /* ZXCanvasDrawSettingViewController.xib */,
				F126A98C18C9D456006E5329 /* ZXCanvasEraseSettingViewController.xib */,
				F126A98D18C9D456006E5329 /* ZXCanvasLineWidthViewController.xib */,
				F126A98E18C9D456006E5329 /* ZXCanvasViewController-clear-button-bg.png */,
				F126A98F18C9D456006E5329 /* ZXCanvasViewController-eraser.png */,
				F126A99018C9D456006E5329 /* ZXCanvasViewController-pen.png */,
				F126A99118C9D456006E5329 /* ZXCanvasViewController-redo.png */,
				F126A99218C9D456006E5329 /* ZXCanvasViewController-sliderL.png */,
				F126A99318C9D456006E5329 /* ZXCanvasViewController-sliderS.png */,
				F126A99418C9D456006E5329 /* ZXCanvasViewController-undo.png */,
				F126A99518C9D456006E5329 /* ZXCanvasViewController.xib */,
				F126A99618C9D456006E5329 /* ZXExternalDisplayViewController.xib */,
				F126A99718C9D456006E5329 /* ZXExternalDisplayViewPointer.png */,
				F126A99818C9D456006E5329 /* ZXSliderViewController.xib */,
			);
			name = ZXUtilitiesResources;
			path = dependencies/libZXPDFViewer/ZXUtilitiesResources;
			sourceTree = SOURCE_ROOT;
		};
		F126A99A18C9D46F006E5329 /* Products */ = {
			isa = PBXGroup;
			children = (
				F126A99F18C9D470006E5329 /* libZXingWidget.a */,
				F126A9A118C9D470006E5329 /* ZXingTests.octest */,
			);
			name = Products;
			sourceTree = "<group>";
		};
/* End PBXGroup section */

/* Begin PBXHeadersBuildPhase section */
		F126A9BF18C9DEAC006E5329 /* Headers */ = {
			isa = PBXHeadersBuildPhase;
			buildActionMask = 2147483647;
			files = (
				F126A9C018C9DF09006E5329 /* DynamicAppDelegate.h in Headers */,
				F126A9C118C9DF09006E5329 /* DynamicAppViewController.h in Headers */,
			);
			runOnlyForDeploymentPostprocessing = 0;
		};
/* End PBXHeadersBuildPhase section */

/* Begin PBXNativeTarget section */
		F126A86618C9D2CF006E5329 /* DynamicApp */ = {
			isa = PBXNativeTarget;
			buildConfigurationList = F126A88A18C9D2CF006E5329 /* Build configuration list for PBXNativeTarget "DynamicApp" */;
			buildPhases = (
				F126A86318C9D2CF006E5329 /* Sources */,
				F126A86418C9D2CF006E5329 /* Frameworks */,
				F126A9BF18C9DEAC006E5329 /* Headers */,
			);
			buildRules = (
			);
			dependencies = (
				F126A9A318C9D47D006E5329 /* PBXTargetDependency */,
			);
			name = DynamicApp;
			productName = DynamicApp;
			productReference = F126A86718C9D2CF006E5329 /* libDynamicApp.a */;
			productType = "com.apple.product-type.library.static";
		};
		F126A87618C9D2CF006E5329 /* DynamicAppTests */ = {
			isa = PBXNativeTarget;
			buildConfigurationList = F126A88D18C9D2CF006E5329 /* Build configuration list for PBXNativeTarget "DynamicAppTests" */;
			buildPhases = (
				F126A87318C9D2CF006E5329 /* Sources */,
				F126A87418C9D2CF006E5329 /* Frameworks */,
				F126A87518C9D2CF006E5329 /* Resources */,
			);
			buildRules = (
			);
			dependencies = (
				F126A87E18C9D2CF006E5329 /* PBXTargetDependency */,
			);
			name = DynamicAppTests;
			productName = DynamicAppTests;
			productReference = F126A87718C9D2CF006E5329 /* DynamicAppTests.xctest */;
			productType = "com.apple.product-type.bundle.unit-test";
		};
/* End PBXNativeTarget section */

/* Begin PBXProject section */
		F126A85F18C9D2CF006E5329 /* Project object */ = {
			isa = PBXProject;
			attributes = {
				LastUpgradeCheck = 0500;
				ORGANIZATIONNAME = zyyx;
			};
			buildConfigurationList = F126A86218C9D2CF006E5329 /* Build configuration list for PBXProject "DynamicApp" */;
			compatibilityVersion = "Xcode 3.2";
			developmentRegion = English;
			hasScannedForEncodings = 0;
			knownRegions = (
				en,
				ja,
			);
			mainGroup = F126A85E18C9D2CF006E5329;
			productRefGroup = F126A86818C9D2CF006E5329 /* Products */;
			projectDirPath = "";
			projectReferences = (
				{
					ProductGroup = F126A99A18C9D46F006E5329 /* Products */;
					ProjectRef = F126A99918C9D46F006E5329 /* ZXingWidget.xcodeproj */;
				},
			);
			projectRoot = "";
			targets = (
				F126A86618C9D2CF006E5329 /* DynamicApp */,
				F126A87618C9D2CF006E5329 /* DynamicAppTests */,
				F126A9B318C9D867006E5329 /* DynamicApp-Universal */,
			);
		};
/* End PBXProject section */

/* Begin PBXReferenceProxy section */
		F126A99F18C9D470006E5329 /* libZXingWidget.a */ = {
			isa = PBXReferenceProxy;
			fileType = archive.ar;
			path = libZXingWidget.a;
			remoteRef = F126A99E18C9D470006E5329 /* PBXContainerItemProxy */;
			sourceTree = BUILT_PRODUCTS_DIR;
		};
		F126A9A118C9D470006E5329 /* ZXingTests.octest */ = {
			isa = PBXReferenceProxy;
			fileType = wrapper.cfbundle;
			path = ZXingTests.octest;
			remoteRef = F126A9A018C9D470006E5329 /* PBXContainerItemProxy */;
			sourceTree = BUILT_PRODUCTS_DIR;
		};
/* End PBXReferenceProxy section */

/* Begin PBXResourcesBuildPhase section */
		F126A87518C9D2CF006E5329 /* Resources */ = {
			isa = PBXResourcesBuildPhase;
			buildActionMask = 2147483647;
			files = (
				F126A88518C9D2CF006E5329 /* InfoPlist.strings in Resources */,
			);
			runOnlyForDeploymentPostprocessing = 0;
		};
/* End PBXResourcesBuildPhase section */

/* Begin PBXShellScriptBuildPhase section */
		F126A9B718C9D884006E5329 /* ShellScript */ = {
			isa = PBXShellScriptBuildPhase;
			buildActionMask = 2147483647;
			files = (
			);
			inputPaths = (
			);
			outputPaths = (
			);
			runOnlyForDeploymentPostprocessing = 0;
			shellPath = /bin/sh;
			shellScript = "# Environment Variables\nFRAMEWORK_NAME=${PROJECT_NAME}\nFRAMEWORK_VERSION=A\nFRAMEWORK_VERSION_NUMBER=1.2.2\nFRAMEWORK_BUILD_PATH=\"${SRCROOT}/build/${CONFIGURATION}-framework\"\nFRAMEWORK_DIR=\"${FRAMEWORK_BUILD_PATH}/${FRAMEWORK_NAME}.framework\"\n\n# Clean directories\nrm -rf \"${FRAMEWORK_BUILD_PATH}\"\n\n# Build simulator and device binaries.\nxcodebuild -project ${PROJECT_NAME}.xcodeproj -sdk iphonesimulator${IPHONEOS_DEPLOYMENT_TARGET} -target \"${PROJECT_NAME}\" -configuration ${CONFIGURATION} clean build\nxcodebuild -project ${PROJECT_NAME}.xcodeproj -sdk iphoneos${IPHONEOS_DEPLOYMENT_TARGET} -target \"${PROJECT_NAME}\" -configuration ${CONFIGURATION} clean build\n\n# create framework directories.\nmkdir -p \"${FRAMEWORK_DIR}\"\nmkdir -p \"${FRAMEWORK_DIR}/Versions\"\nmkdir -p \"${FRAMEWORK_DIR}/Versions/${FRAMEWORK_VERSION}\"\nmkdir -p \"${FRAMEWORK_DIR}/Versions/${FRAMEWORK_VERSION}/Resources\"\nmkdir -p \"${FRAMEWORK_DIR}/Versions/${FRAMEWORK_VERSION}/Headers\"\nmkdir -p \"${FRAMEWORK_DIR}/Versions/${FRAMEWORK_VERSION}/www\"\n\n# create symlinks\nln -s \"${FRAMEWORK_DIR}/Versions/${FRAMEWORK_VERSION}\" \"${FRAMEWORK_DIR}/Versions/Current\"\nln -s \"${FRAMEWORK_DIR}/Versions/Current/Headers\" \"${FRAMEWORK_DIR}/Headers\"\nln -s \"${FRAMEWORK_DIR}/Versions/Current/Resources\" \"${FRAMEWORK_DIR}/Resources\"\nln -s \"${FRAMEWORK_DIR}/Versions/Current/${FRAMEWORK_NAME}\" \"${FRAMEWORK_DIR}/${FRAMEWORK_NAME}\"\n\n# create the universal library\nlipo \"${SRCROOT}/build/${CONFIGURATION}-iphoneos/lib${FRAMEWORK_NAME}.a\" \"${SRCROOT}/build/${CONFIGURATION}-iphonesimulator/lib${FRAMEWORK_NAME}.a\" -create -output \"${FRAMEWORK_DIR}/Versions/Current/${FRAMEWORK_NAME}\"\n\n# copy files\ncd \"./build/${CONFIGURATION}-iphoneos/Headers\"\ncp *.h \"${FRAMEWORK_DIR}/Headers/\"\ncp \"${SRCROOT}/${FRAMEWORK_NAME}/Resources/Info.plist\" \"${FRAMEWORK_DIR}/Resources\"\ncp -R \"${SRCROOT}/${FRAMEWORK_NAME}/Resources/Settings.bundle\" \"${FRAMEWORK_DIR}/Resources/\"\ncd \"${SRCROOT}/${FRAMEWORK_NAME}/Resources\"\ncp -R *.lproj \"${FRAMEWORK_DIR}/Resources/\"";
		};
/* End PBXShellScriptBuildPhase section */

/* Begin PBXSourcesBuildPhase section */
		F126A86318C9D2CF006E5329 /* Sources */ = {
			isa = PBXSourcesBuildPhase;
			buildActionMask = 2147483647;
			files = (
				F126A8F218C9D32A006E5329 /* Camera.m in Sources */,
				F126A90D18C9D32A006E5329 /* LoadingView.m in Sources */,
				F126A90F18C9D32A006E5329 /* mztools.c in Sources */,
				F126A90C18C9D32A006E5329 /* DynamicAppSplashViewController.m in Sources */,
				F126A91218C9D32A006E5329 /* ZipArchive.mm in Sources */,
				F126A8FC18C9D32A006E5329 /* KeychainHelper.m in Sources */,
				F126A90318C9D32A006E5329 /* PDFViewer.m in Sources */,
				F126A8FF18C9D32A006E5329 /* Movie.m in Sources */,
				F126A90218C9D32A006E5329 /* DownloadConttroller.m in Sources */,
				F126A90718C9D32A006E5329 /* Shortcut.m in Sources */,
				F126A90518C9D32A006E5329 /* QRReader.mm in Sources */,
				F126A90118C9D32A006E5329 /* NSData+Base64.m in Sources */,
				F126A8F118C9D32A006E5329 /* Cache.m in Sources */,
				F126A8F718C9D32A006E5329 /* DynamicAppViewController.m in Sources */,
				F126A8FD18C9D32A006E5329 /* LoadingScreen.m in Sources */,
				F126A8FE18C9D32A006E5329 /* md5.c in Sources */,
				F126A8EF18C9D32A006E5329 /* Bluetooth.m in Sources */,
				F126A8EE18C9D32A006E5329 /* AppVersion.m in Sources */,
				F126A90618C9D32A006E5329 /* random.c in Sources */,
				F126A90818C9D32A006E5329 /* Sound.m in Sources */,
				F126A91018C9D32A006E5329 /* unzip.c in Sources */,
				F126A90B18C9D32A006E5329 /* vFile.cpp in Sources */,
				F126A8FB18C9D32A006E5329 /* ImageDecrypt.mm in Sources */,
				F126A8F918C9D32A006E5329 /* File.m in Sources */,
				F126A90418C9D32A006E5329 /* PluginResult.m in Sources */,
				F126A8F518C9D32A006E5329 /* DynamicAppDelegate.m in Sources */,
				F126A91118C9D32A006E5329 /* zip.c in Sources */,
				F126A8F318C9D32A006E5329 /* Contacts.m in Sources */,
				F126A8EC18C9D32A006E5329 /* Ad.m in Sources */,
				F126A8F018C9D32A006E5329 /* Bluetooth4LE.m in Sources */,
				F126A90918C9D32A006E5329 /* UrlCommand.m in Sources */,
				F126A90A18C9D32A006E5329 /* UUIDHelper.m in Sources */,
				F126A90018C9D32A006E5329 /* Notification.m in Sources */,
				F126A8FA18C9D32A006E5329 /* FileEncryptor.cpp in Sources */,
				F126A8F618C9D32A006E5329 /* DynamicAppPlugin.m in Sources */,
				F126A8F418C9D32A006E5329 /* Database.m in Sources */,
				F126A91318C9D32A006E5329 /* ZXUtility.m in Sources */,
				F126A8ED18C9D32A006E5329 /* AddressBook.m in Sources */,
				F126A8F818C9D32A006E5329 /* Encryptor.m in Sources */,
				F126A90E18C9D32A006E5329 /* ioapi.c in Sources */,
			);
			runOnlyForDeploymentPostprocessing = 0;
		};
		F126A87318C9D2CF006E5329 /* Sources */ = {
			isa = PBXSourcesBuildPhase;
			buildActionMask = 2147483647;
			files = (
				F126A88718C9D2CF006E5329 /* DynamicAppTests.m in Sources */,
			);
			runOnlyForDeploymentPostprocessing = 0;
		};
/* End PBXSourcesBuildPhase section */

/* Begin PBXTargetDependency section */
		F126A87E18C9D2CF006E5329 /* PBXTargetDependency */ = {
			isa = PBXTargetDependency;
			target = F126A86618C9D2CF006E5329 /* DynamicApp */;
			targetProxy = F126A87D18C9D2CF006E5329 /* PBXContainerItemProxy */;
		};
		F126A9A318C9D47D006E5329 /* PBXTargetDependency */ = {
			isa = PBXTargetDependency;
			name = ZXingWidget;
			targetProxy = F126A9A218C9D47D006E5329 /* PBXContainerItemProxy */;
		};
/* End PBXTargetDependency section */

/* Begin PBXVariantGroup section */
		F126A88318C9D2CF006E5329 /* InfoPlist.strings */ = {
			isa = PBXVariantGroup;
			children = (
				F126A88418C9D2CF006E5329 /* en */,
			);
			name = InfoPlist.strings;
			sourceTree = "<group>";
		};
		F126A8AB18C9D32A006E5329 /* QRReader.h */ = {
			isa = PBXVariantGroup;
			children = (
				F126A8AC18C9D32A006E5329 /* en */,
			);
			name = QRReader.h;
			sourceTree = "<group>";
		};
		F126A96118C9D456006E5329 /* ZXPDFViewer.strings */ = {
			isa = PBXVariantGroup;
			children = (
				F126A96218C9D456006E5329 /* en */,
				F126A96318C9D456006E5329 /* ja */,
			);
			name = ZXPDFViewer.strings;
			sourceTree = "<group>";
		};
		F126A98818C9D456006E5329 /* ZXUtilities.strings */ = {
			isa = PBXVariantGroup;
			children = (
				F126A98918C9D456006E5329 /* en */,
				F126A98A18C9D456006E5329 /* ja */,
			);
			name = ZXUtilities.strings;
			sourceTree = "<group>";
		};
/* End PBXVariantGroup section */

/* Begin XCBuildConfiguration section */
		F126A88818C9D2CF006E5329 /* Debug */ = {
			isa = XCBuildConfiguration;
			buildSettings = {
				ALWAYS_SEARCH_USER_PATHS = NO;
				ARCHS = "$(ARCHS_STANDARD_INCLUDING_64_BIT)";
				CLANG_CXX_LANGUAGE_STANDARD = "gnu++0x";
				CLANG_CXX_LIBRARY = "libc++";
				CLANG_ENABLE_MODULES = YES;
				CLANG_ENABLE_OBJC_ARC = YES;
				CLANG_WARN_BOOL_CONVERSION = YES;
				CLANG_WARN_CONSTANT_CONVERSION = YES;
				CLANG_WARN_DIRECT_OBJC_ISA_USAGE = YES_ERROR;
				CLANG_WARN_EMPTY_BODY = YES;
				CLANG_WARN_ENUM_CONVERSION = YES;
				CLANG_WARN_INT_CONVERSION = YES;
				CLANG_WARN_OBJC_ROOT_CLASS = YES_ERROR;
				CLANG_WARN__DUPLICATE_METHOD_MATCH = YES;
				COPY_PHASE_STRIP = NO;
				GCC_C_LANGUAGE_STANDARD = gnu99;
				GCC_DYNAMIC_NO_PIC = NO;
				GCC_OPTIMIZATION_LEVEL = 0;
				GCC_PREPROCESSOR_DEFINITIONS = (
					"DEBUG=1",
					"$(inherited)",
				);
				GCC_SYMBOLS_PRIVATE_EXTERN = NO;
				GCC_WARN_64_TO_32_BIT_CONVERSION = YES;
				GCC_WARN_ABOUT_RETURN_TYPE = YES_ERROR;
				GCC_WARN_UNDECLARED_SELECTOR = YES;
				GCC_WARN_UNINITIALIZED_AUTOS = YES;
				GCC_WARN_UNUSED_FUNCTION = YES;
				GCC_WARN_UNUSED_VARIABLE = YES;
				IPHONEOS_DEPLOYMENT_TARGET = 7.0;
				ONLY_ACTIVE_ARCH = YES;
				SDKROOT = iphoneos;
			};
			name = Debug;
		};
		F126A88918C9D2CF006E5329 /* Release */ = {
			isa = XCBuildConfiguration;
			buildSettings = {
				ALWAYS_SEARCH_USER_PATHS = NO;
				ARCHS = "$(ARCHS_STANDARD_INCLUDING_64_BIT)";
				CLANG_CXX_LANGUAGE_STANDARD = "gnu++0x";
				CLANG_CXX_LIBRARY = "libc++";
				CLANG_ENABLE_MODULES = YES;
				CLANG_ENABLE_OBJC_ARC = YES;
				CLANG_WARN_BOOL_CONVERSION = YES;
				CLANG_WARN_CONSTANT_CONVERSION = YES;
				CLANG_WARN_DIRECT_OBJC_ISA_USAGE = YES_ERROR;
				CLANG_WARN_EMPTY_BODY = YES;
				CLANG_WARN_ENUM_CONVERSION = YES;
				CLANG_WARN_INT_CONVERSION = YES;
				CLANG_WARN_OBJC_ROOT_CLASS = YES_ERROR;
				CLANG_WARN__DUPLICATE_METHOD_MATCH = YES;
				COPY_PHASE_STRIP = YES;
				ENABLE_NS_ASSERTIONS = NO;
				GCC_C_LANGUAGE_STANDARD = gnu99;
				GCC_WARN_64_TO_32_BIT_CONVERSION = YES;
				GCC_WARN_ABOUT_RETURN_TYPE = YES_ERROR;
				GCC_WARN_UNDECLARED_SELECTOR = YES;
				GCC_WARN_UNINITIALIZED_AUTOS = YES;
				GCC_WARN_UNUSED_FUNCTION = YES;
				GCC_WARN_UNUSED_VARIABLE = YES;
				IPHONEOS_DEPLOYMENT_TARGET = 7.0;
				SDKROOT = iphoneos;
				VALIDATE_PRODUCT = YES;
			};
			name = Release;
		};
		F126A88B18C9D2CF006E5329 /* Debug */ = {
			isa = XCBuildConfiguration;
			buildSettings = {
				DSTROOT = /tmp/DynamicApp.dst;
				GCC_PRECOMPILE_PREFIX_HEADER = YES;
				GCC_PREFIX_HEADER = "DynamicApp/DynamicApp-Prefix.pch";
				HEADER_SEARCH_PATHS = (
					"$(inherited)",
					/Applications/Xcode.app/Contents/Developer/Toolchains/XcodeDefault.xctoolchain/usr/include,
					"dependencies/iphone/ZXingWidget/Classes/**",
					dependencies/cpp/core/src,
				);
				LIBRARY_SEARCH_PATHS = (
					"$(inherited)",
					"/Users/zyyx/Desktop/project/DynamicApp/new\\ framework/DynamicApp/dependencies/libZXPDFViewer",
				);
				ONLY_ACTIVE_ARCH = NO;
				OTHER_LDFLAGS = "-ObjC";
				PRODUCT_NAME = "$(TARGET_NAME)";
				PUBLIC_HEADERS_FOLDER_PATH = /Headers;
				SKIP_INSTALL = YES;
			};
			name = Debug;
		};
		F126A88C18C9D2CF006E5329 /* Release */ = {
			isa = XCBuildConfiguration;
			buildSettings = {
				DSTROOT = /tmp/DynamicApp.dst;
				GCC_PRECOMPILE_PREFIX_HEADER = YES;
				GCC_PREFIX_HEADER = "DynamicApp/DynamicApp-Prefix.pch";
				HEADER_SEARCH_PATHS = (
					"$(inherited)",
					/Applications/Xcode.app/Contents/Developer/Toolchains/XcodeDefault.xctoolchain/usr/include,
					"dependencies/iphone/ZXingWidget/Classes/**",
					dependencies/cpp/core/src,
				);
				LIBRARY_SEARCH_PATHS = (
					"$(inherited)",
					"/Users/zyyx/Desktop/project/DynamicApp/new\\ framework/DynamicApp/dependencies/libZXPDFViewer",
				);
				OTHER_LDFLAGS = "-ObjC";
				PRODUCT_NAME = "$(TARGET_NAME)";
				PUBLIC_HEADERS_FOLDER_PATH = /Headers;
				SKIP_INSTALL = YES;
			};
			name = Release;
		};
		F126A88E18C9D2CF006E5329 /* Debug */ = {
			isa = XCBuildConfiguration;
			buildSettings = {
				ARCHS = "$(ARCHS_STANDARD_INCLUDING_64_BIT)";
				FRAMEWORK_SEARCH_PATHS = (
					"$(SDKROOT)/Developer/Library/Frameworks",
					"$(inherited)",
					"$(DEVELOPER_FRAMEWORKS_DIR)",
				);
				GCC_PRECOMPILE_PREFIX_HEADER = YES;
				GCC_PREFIX_HEADER = "DynamicApp/DynamicApp-Prefix.pch";
				GCC_PREPROCESSOR_DEFINITIONS = (
					"DEBUG=1",
					"$(inherited)",
				);
				INFOPLIST_FILE = "DynamicAppTests/DynamicAppTests-Info.plist";
				PRODUCT_NAME = "$(TARGET_NAME)";
				WRAPPER_EXTENSION = xctest;
			};
			name = Debug;
		};
		F126A88F18C9D2CF006E5329 /* Release */ = {
			isa = XCBuildConfiguration;
			buildSettings = {
				ARCHS = "$(ARCHS_STANDARD_INCLUDING_64_BIT)";
				FRAMEWORK_SEARCH_PATHS = (
					"$(SDKROOT)/Developer/Library/Frameworks",
					"$(inherited)",
					"$(DEVELOPER_FRAMEWORKS_DIR)",
				);
				GCC_PRECOMPILE_PREFIX_HEADER = YES;
				GCC_PREFIX_HEADER = "DynamicApp/DynamicApp-Prefix.pch";
				INFOPLIST_FILE = "DynamicAppTests/DynamicAppTests-Info.plist";
				PRODUCT_NAME = "$(TARGET_NAME)";
				WRAPPER_EXTENSION = xctest;
			};
			name = Release;
		};
		F126A9B518C9D868006E5329 /* Debug */ = {
			isa = XCBuildConfiguration;
			buildSettings = {
				PRODUCT_NAME = "$(TARGET_NAME)";
			};
			name = Debug;
		};
		F126A9B618C9D868006E5329 /* Release */ = {
			isa = XCBuildConfiguration;
			buildSettings = {
				PRODUCT_NAME = "$(TARGET_NAME)";
			};
			name = Release;
		};
/* End XCBuildConfiguration section */

/* Begin XCConfigurationList section */
		F126A86218C9D2CF006E5329 /* Build configuration list for PBXProject "DynamicApp" */ = {
			isa = XCConfigurationList;
			buildConfigurations = (
				F126A88818C9D2CF006E5329 /* Debug */,
				F126A88918C9D2CF006E5329 /* Release */,
			);
			defaultConfigurationIsVisible = 0;
			defaultConfigurationName = Release;
		};
		F126A88A18C9D2CF006E5329 /* Build configuration list for PBXNativeTarget "DynamicApp" */ = {
			isa = XCConfigurationList;
			buildConfigurations = (
				F126A88B18C9D2CF006E5329 /* Debug */,
				F126A88C18C9D2CF006E5329 /* Release */,
			);
			defaultConfigurationIsVisible = 0;
			defaultConfigurationName = Release;
		};
		F126A88D18C9D2CF006E5329 /* Build configuration list for PBXNativeTarget "DynamicAppTests" */ = {
			isa = XCConfigurationList;
			buildConfigurations = (
				F126A88E18C9D2CF006E5329 /* Debug */,
				F126A88F18C9D2CF006E5329 /* Release */,
			);
			defaultConfigurationIsVisible = 0;
			defaultConfigurationName = Release;
		};
		F126A9B418C9D868006E5329 /* Build configuration list for PBXAggregateTarget "DynamicApp-Universal" */ = {
			isa = XCConfigurationList;
			buildConfigurations = (
				F126A9B518C9D868006E5329 /* Debug */,
				F126A9B618C9D868006E5329 /* Release */,
			);
			defaultConfigurationIsVisible = 0;
			defaultConfigurationName = Release;
		};
/* End XCConfigurationList section */
	};
	rootObject = F126A85F18C9D2CF006E5329 /* Project object */;
}
